
Microsoft Visual Studio Solution File, Format Version 12.00
# Visual Studio Version 17
VisualStudioVersion = 17.0.31903.59
MinimumVisualStudioVersion = 10.0.40219.1
Project("{2150E333-8FDC-42A3-9474-1A3956D46DE8}") = "src", "src", "{ACFF16D9-C460-4DAF-8806-E9FD58069B7B}"
EndProject
Project("{FAE04EC0-301F-11D3-BF4B-00C04F79EFBC}") = "McpServer.Common.Copilot", "src\McpServer.Common.Copilot\McpServer.Common.Copilot.csproj", "{63EC6997-5B85-4503-9678-8ECE52B65973}"
EndProject
Project("{FAE04EC0-301F-11D3-BF4B-00C04F79EFBC}") = "McpServer.ServiceDefaults", "src\McpServer.ServiceDefaults\McpServer.ServiceDefaults.csproj", "{FFB8537F-C019-4A5E-9981-C8EC82224737}"
EndProject
Project("{FAE04EC0-301F-11D3-BF4B-00C04F79EFBC}") = "McpServer.Support.Mcp", "src\McpServer.Support.Mcp\McpServer.Support.Mcp.csproj", "{4062533C-8E08-459E-B11E-CA0AD5EA367E}"
EndProject
Project("{2150E333-8FDC-42A3-9474-1A3956D46DE8}") = "tests", "tests", "{75E852DF-4CB3-4318-9A92-82F84CD3DFA7}"
EndProject
Project("{FAE04EC0-301F-11D3-BF4B-00C04F79EFBC}") = "McpServer.Support.Mcp.Tests", "tests\McpServer.Support.Mcp.Tests\McpServer.Support.Mcp.Tests.csproj", "{66EAF0AA-B2F5-4E16-900A-4D7DF1C463A2}"
EndProject
Project("{FAE04EC0-301F-11D3-BF4B-00C04F79EFBC}") = "McpServer.Client", "src\McpServer.Client\McpServer.Client.csproj", "{58C353BC-BA03-4118-8297-3253F90D9E32}"
EndProject
Project("{FAE04EC0-301F-11D3-BF4B-00C04F79EFBC}") = "McpServer.Client.Tests", "tests\McpServer.Client.Tests\McpServer.Client.Tests.csproj", "{67FD7829-3D64-4564-B9CB-B095651DC564}"
EndProject
Project("{FAE04EC0-301F-11D3-BF4B-00C04F79EFBC}") = "McpServer.SpecFlow.Tests", "tests\McpServer.SpecFlow.Tests\McpServer.SpecFlow.Tests.csproj", "{178940B4-88F9-40CD-8D85-3C8C7D12DCC0}"
EndProject
Project("{FAE04EC0-301F-11D3-BF4B-00C04F79EFBC}") = "McpServer.Cqrs.Mvvm", "src\McpServer.Cqrs.Mvvm\McpServer.Cqrs.Mvvm.csproj", "{60AA339A-D3F8-4793-8948-697927B89A5E}"
EndProject
Project("{FAE04EC0-301F-11D3-BF4B-00C04F79EFBC}") = "McpServer.Cqrs", "src\McpServer.Cqrs\McpServer.Cqrs.csproj", "{805BB475-5521-4336-9F45-9A68B10E12F2}"
EndProject
Project("{FAE04EC0-301F-11D3-BF4B-00C04F79EFBC}") = "McpServer.UI.Core", "src\McpServer.UI.Core\McpServer.UI.Core.csproj", "{1443FCC6-562F-4A07-9AFB-36C1D54FEEF2}"
EndProject
Project("{FAE04EC0-301F-11D3-BF4B-00C04F79EFBC}") = "McpServer.Director", "src\McpServer.Director\McpServer.Director.csproj", "{A94638CE-5CCB-4460-90C4-A96E8A360CAE}"
EndProject
Project("{FAE04EC0-301F-11D3-BF4B-00C04F79EFBC}") = "McpServer.Cqrs.Tests", "tests\McpServer.Cqrs.Tests\McpServer.Cqrs.Tests.csproj", "{39096B30-5E3A-48B9-9320-9C1176AA54D1}"
EndProject
Project("{FAE04EC0-301F-11D3-BF4B-00C04F79EFBC}") = "McpServer.Director.Tests", "tests\McpServer.Director.Tests\McpServer.Director.Tests.csproj", "{7F00C808-E547-4A99-B2BF-29E2EFC37AD8}"
EndProject
Project("{FAE04EC0-301F-11D3-BF4B-00C04F79EFBC}") = "McpServer.Launcher", "src\McpServer.Launcher\McpServer.Launcher.csproj", "{926AFEC8-99BB-4C0B-85C9-2B4457F7A78B}"
EndProject
Project("{FAE04EC0-301F-11D3-BF4B-00C04F79EFBC}") = "McpServer.Launcher.Tests", "tests\McpServer.Launcher.Tests\McpServer.Launcher.Tests.csproj", "{6A93784C-FD69-4E00-8059-7A67C15F8024}"
EndProject
Project("{FAE04EC0-301F-11D3-BF4B-00C04F79EFBC}") = "McpServer.Web", "src\McpServer.Web\McpServer.Web.csproj", "{3F1556DC-4803-435D-ADFF-A18826F6A830}"
EndProject
Project("{FAE04EC0-301F-11D3-BF4B-00C04F79EFBC}") = "McpServer.UI.Core.Tests", "tests\McpServer.UI.Core.Tests\McpServer.UI.Core.Tests.csproj", "{CCA4076F-E750-4A7F-9060-6A3532EB68A9}"
EndProject
Project("{FAE04EC0-301F-11D3-BF4B-00C04F79EFBC}") = "McpServer.Web.Tests", "tests\McpServer.Web.Tests\McpServer.Web.Tests.csproj", "{DCAB0A3D-B8CB-42E1-83C6-5ABBF7216F0E}"
EndProject
Global
	GlobalSection(SolutionConfigurationPlatforms) = preSolution
		Debug|Any CPU = Debug|Any CPU
		Debug|x64 = Debug|x64
		Debug|x86 = Debug|x86
		Release|Any CPU = Release|Any CPU
		Release|x64 = Release|x64
		Release|x86 = Release|x86
	EndGlobalSection
	GlobalSection(ProjectConfigurationPlatforms) = postSolution
		{63EC6997-5B85-4503-9678-8ECE52B65973}.Debug|Any CPU.ActiveCfg = Debug|Any CPU
		{63EC6997-5B85-4503-9678-8ECE52B65973}.Debug|Any CPU.Build.0 = Debug|Any CPU
		{63EC6997-5B85-4503-9678-8ECE52B65973}.Debug|x64.ActiveCfg = Debug|Any CPU
		{63EC6997-5B85-4503-9678-8ECE52B65973}.Debug|x64.Build.0 = Debug|Any CPU
		{63EC6997-5B85-4503-9678-8ECE52B65973}.Debug|x86.ActiveCfg = Debug|Any CPU
		{63EC6997-5B85-4503-9678-8ECE52B65973}.Debug|x86.Build.0 = Debug|Any CPU
		{63EC6997-5B85-4503-9678-8ECE52B65973}.Release|Any CPU.ActiveCfg = Release|Any CPU
		{63EC6997-5B85-4503-9678-8ECE52B65973}.Release|Any CPU.Build.0 = Release|Any CPU
		{63EC6997-5B85-4503-9678-8ECE52B65973}.Release|x64.ActiveCfg = Release|Any CPU
		{63EC6997-5B85-4503-9678-8ECE52B65973}.Release|x64.Build.0 = Release|Any CPU
		{63EC6997-5B85-4503-9678-8ECE52B65973}.Release|x86.ActiveCfg = Release|Any CPU
		{63EC6997-5B85-4503-9678-8ECE52B65973}.Release|x86.Build.0 = Release|Any CPU
		{FFB8537F-C019-4A5E-9981-C8EC82224737}.Debug|Any CPU.ActiveCfg = Debug|Any CPU
		{FFB8537F-C019-4A5E-9981-C8EC82224737}.Debug|Any CPU.Build.0 = Debug|Any CPU
		{FFB8537F-C019-4A5E-9981-C8EC82224737}.Debug|x64.ActiveCfg = Debug|Any CPU
		{FFB8537F-C019-4A5E-9981-C8EC82224737}.Debug|x64.Build.0 = Debug|Any CPU
		{FFB8537F-C019-4A5E-9981-C8EC82224737}.Debug|x86.ActiveCfg = Debug|Any CPU
		{FFB8537F-C019-4A5E-9981-C8EC82224737}.Debug|x86.Build.0 = Debug|Any CPU
		{FFB8537F-C019-4A5E-9981-C8EC82224737}.Release|Any CPU.ActiveCfg = Release|Any CPU
		{FFB8537F-C019-4A5E-9981-C8EC82224737}.Release|Any CPU.Build.0 = Release|Any CPU
		{FFB8537F-C019-4A5E-9981-C8EC82224737}.Release|x64.ActiveCfg = Release|Any CPU
		{FFB8537F-C019-4A5E-9981-C8EC82224737}.Release|x64.Build.0 = Release|Any CPU
		{FFB8537F-C019-4A5E-9981-C8EC82224737}.Release|x86.ActiveCfg = Release|Any CPU
		{FFB8537F-C019-4A5E-9981-C8EC82224737}.Release|x86.Build.0 = Release|Any CPU
		{4062533C-8E08-459E-B11E-CA0AD5EA367E}.Debug|Any CPU.ActiveCfg = Debug|Any CPU
		{4062533C-8E08-459E-B11E-CA0AD5EA367E}.Debug|Any CPU.Build.0 = Debug|Any CPU
		{4062533C-8E08-459E-B11E-CA0AD5EA367E}.Debug|x64.ActiveCfg = Debug|Any CPU
		{4062533C-8E08-459E-B11E-CA0AD5EA367E}.Debug|x64.Build.0 = Debug|Any CPU
		{4062533C-8E08-459E-B11E-CA0AD5EA367E}.Debug|x86.ActiveCfg = Debug|Any CPU
		{4062533C-8E08-459E-B11E-CA0AD5EA367E}.Debug|x86.Build.0 = Debug|Any CPU
		{4062533C-8E08-459E-B11E-CA0AD5EA367E}.Release|Any CPU.ActiveCfg = Release|Any CPU
		{4062533C-8E08-459E-B11E-CA0AD5EA367E}.Release|Any CPU.Build.0 = Release|Any CPU
		{4062533C-8E08-459E-B11E-CA0AD5EA367E}.Release|x64.ActiveCfg = Release|Any CPU
		{4062533C-8E08-459E-B11E-CA0AD5EA367E}.Release|x64.Build.0 = Release|Any CPU
		{4062533C-8E08-459E-B11E-CA0AD5EA367E}.Release|x86.ActiveCfg = Release|Any CPU
		{4062533C-8E08-459E-B11E-CA0AD5EA367E}.Release|x86.Build.0 = Release|Any CPU
		{66EAF0AA-B2F5-4E16-900A-4D7DF1C463A2}.Debug|Any CPU.ActiveCfg = Debug|Any CPU
		{66EAF0AA-B2F5-4E16-900A-4D7DF1C463A2}.Debug|Any CPU.Build.0 = Debug|Any CPU
		{66EAF0AA-B2F5-4E16-900A-4D7DF1C463A2}.Debug|x64.ActiveCfg = Debug|Any CPU
		{66EAF0AA-B2F5-4E16-900A-4D7DF1C463A2}.Debug|x64.Build.0 = Debug|Any CPU
		{66EAF0AA-B2F5-4E16-900A-4D7DF1C463A2}.Debug|x86.ActiveCfg = Debug|Any CPU
		{66EAF0AA-B2F5-4E16-900A-4D7DF1C463A2}.Debug|x86.Build.0 = Debug|Any CPU
		{66EAF0AA-B2F5-4E16-900A-4D7DF1C463A2}.Release|Any CPU.ActiveCfg = Release|Any CPU
		{66EAF0AA-B2F5-4E16-900A-4D7DF1C463A2}.Release|Any CPU.Build.0 = Release|Any CPU
		{66EAF0AA-B2F5-4E16-900A-4D7DF1C463A2}.Release|x64.ActiveCfg = Release|Any CPU
		{66EAF0AA-B2F5-4E16-900A-4D7DF1C463A2}.Release|x64.Build.0 = Release|Any CPU
		{66EAF0AA-B2F5-4E16-900A-4D7DF1C463A2}.Release|x86.ActiveCfg = Release|Any CPU
		{66EAF0AA-B2F5-4E16-900A-4D7DF1C463A2}.Release|x86.Build.0 = Release|Any CPU
		{58C353BC-BA03-4118-8297-3253F90D9E32}.Debug|Any CPU.ActiveCfg = Debug|Any CPU
		{58C353BC-BA03-4118-8297-3253F90D9E32}.Debug|Any CPU.Build.0 = Debug|Any CPU
		{58C353BC-BA03-4118-8297-3253F90D9E32}.Debug|x64.ActiveCfg = Debug|Any CPU
		{58C353BC-BA03-4118-8297-3253F90D9E32}.Debug|x64.Build.0 = Debug|Any CPU
		{58C353BC-BA03-4118-8297-3253F90D9E32}.Debug|x86.ActiveCfg = Debug|Any CPU
		{58C353BC-BA03-4118-8297-3253F90D9E32}.Debug|x86.Build.0 = Debug|Any CPU
		{58C353BC-BA03-4118-8297-3253F90D9E32}.Release|Any CPU.ActiveCfg = Release|Any CPU
		{58C353BC-BA03-4118-8297-3253F90D9E32}.Release|Any CPU.Build.0 = Release|Any CPU
		{58C353BC-BA03-4118-8297-3253F90D9E32}.Release|x64.ActiveCfg = Release|Any CPU
		{58C353BC-BA03-4118-8297-3253F90D9E32}.Release|x64.Build.0 = Release|Any CPU
		{58C353BC-BA03-4118-8297-3253F90D9E32}.Release|x86.ActiveCfg = Release|Any CPU
		{58C353BC-BA03-4118-8297-3253F90D9E32}.Release|x86.Build.0 = Release|Any CPU
		{67FD7829-3D64-4564-B9CB-B095651DC564}.Debug|Any CPU.ActiveCfg = Debug|Any CPU
		{67FD7829-3D64-4564-B9CB-B095651DC564}.Debug|Any CPU.Build.0 = Debug|Any CPU
		{67FD7829-3D64-4564-B9CB-B095651DC564}.Debug|x64.ActiveCfg = Debug|Any CPU
		{67FD7829-3D64-4564-B9CB-B095651DC564}.Debug|x64.Build.0 = Debug|Any CPU
		{67FD7829-3D64-4564-B9CB-B095651DC564}.Debug|x86.ActiveCfg = Debug|Any CPU
		{67FD7829-3D64-4564-B9CB-B095651DC564}.Debug|x86.Build.0 = Debug|Any CPU
		{67FD7829-3D64-4564-B9CB-B095651DC564}.Release|Any CPU.ActiveCfg = Release|Any CPU
		{67FD7829-3D64-4564-B9CB-B095651DC564}.Release|Any CPU.Build.0 = Release|Any CPU
		{67FD7829-3D64-4564-B9CB-B095651DC564}.Release|x64.ActiveCfg = Release|Any CPU
		{67FD7829-3D64-4564-B9CB-B095651DC564}.Release|x64.Build.0 = Release|Any CPU
		{67FD7829-3D64-4564-B9CB-B095651DC564}.Release|x86.ActiveCfg = Release|Any CPU
		{67FD7829-3D64-4564-B9CB-B095651DC564}.Release|x86.Build.0 = Release|Any CPU
		{178940B4-88F9-40CD-8D85-3C8C7D12DCC0}.Debug|Any CPU.ActiveCfg = Debug|Any CPU
		{178940B4-88F9-40CD-8D85-3C8C7D12DCC0}.Debug|Any CPU.Build.0 = Debug|Any CPU
		{178940B4-88F9-40CD-8D85-3C8C7D12DCC0}.Debug|x64.ActiveCfg = Debug|Any CPU
		{178940B4-88F9-40CD-8D85-3C8C7D12DCC0}.Debug|x64.Build.0 = Debug|Any CPU
		{178940B4-88F9-40CD-8D85-3C8C7D12DCC0}.Debug|x86.ActiveCfg = Debug|Any CPU
		{178940B4-88F9-40CD-8D85-3C8C7D12DCC0}.Debug|x86.Build.0 = Debug|Any CPU
		{178940B4-88F9-40CD-8D85-3C8C7D12DCC0}.Release|Any CPU.ActiveCfg = Release|Any CPU
		{178940B4-88F9-40CD-8D85-3C8C7D12DCC0}.Release|Any CPU.Build.0 = Release|Any CPU
		{178940B4-88F9-40CD-8D85-3C8C7D12DCC0}.Release|x64.ActiveCfg = Release|Any CPU
		{178940B4-88F9-40CD-8D85-3C8C7D12DCC0}.Release|x64.Build.0 = Release|Any CPU
		{178940B4-88F9-40CD-8D85-3C8C7D12DCC0}.Release|x86.ActiveCfg = Release|Any CPU
		{178940B4-88F9-40CD-8D85-3C8C7D12DCC0}.Release|x86.Build.0 = Release|Any CPU
		{60AA339A-D3F8-4793-8948-697927B89A5E}.Debug|Any CPU.ActiveCfg = Debug|Any CPU
		{60AA339A-D3F8-4793-8948-697927B89A5E}.Debug|Any CPU.Build.0 = Debug|Any CPU
		{60AA339A-D3F8-4793-8948-697927B89A5E}.Debug|x64.ActiveCfg = Debug|Any CPU
		{60AA339A-D3F8-4793-8948-697927B89A5E}.Debug|x64.Build.0 = Debug|Any CPU
		{60AA339A-D3F8-4793-8948-697927B89A5E}.Debug|x86.ActiveCfg = Debug|Any CPU
		{60AA339A-D3F8-4793-8948-697927B89A5E}.Debug|x86.Build.0 = Debug|Any CPU
		{60AA339A-D3F8-4793-8948-697927B89A5E}.Release|Any CPU.ActiveCfg = Release|Any CPU
		{60AA339A-D3F8-4793-8948-697927B89A5E}.Release|Any CPU.Build.0 = Release|Any CPU
		{60AA339A-D3F8-4793-8948-697927B89A5E}.Release|x64.ActiveCfg = Release|Any CPU
		{60AA339A-D3F8-4793-8948-697927B89A5E}.Release|x64.Build.0 = Release|Any CPU
		{60AA339A-D3F8-4793-8948-697927B89A5E}.Release|x86.ActiveCfg = Release|Any CPU
		{60AA339A-D3F8-4793-8948-697927B89A5E}.Release|x86.Build.0 = Release|Any CPU
		{805BB475-5521-4336-9F45-9A68B10E12F2}.Debug|Any CPU.ActiveCfg = Debug|Any CPU
		{805BB475-5521-4336-9F45-9A68B10E12F2}.Debug|Any CPU.Build.0 = Debug|Any CPU
		{805BB475-5521-4336-9F45-9A68B10E12F2}.Debug|x64.ActiveCfg = Debug|Any CPU
		{805BB475-5521-4336-9F45-9A68B10E12F2}.Debug|x64.Build.0 = Debug|Any CPU
		{805BB475-5521-4336-9F45-9A68B10E12F2}.Debug|x86.ActiveCfg = Debug|Any CPU
		{805BB475-5521-4336-9F45-9A68B10E12F2}.Debug|x86.Build.0 = Debug|Any CPU
		{805BB475-5521-4336-9F45-9A68B10E12F2}.Release|Any CPU.ActiveCfg = Release|Any CPU
		{805BB475-5521-4336-9F45-9A68B10E12F2}.Release|Any CPU.Build.0 = Release|Any CPU
		{805BB475-5521-4336-9F45-9A68B10E12F2}.Release|x64.ActiveCfg = Release|Any CPU
		{805BB475-5521-4336-9F45-9A68B10E12F2}.Release|x64.Build.0 = Release|Any CPU
		{805BB475-5521-4336-9F45-9A68B10E12F2}.Release|x86.ActiveCfg = Release|Any CPU
		{805BB475-5521-4336-9F45-9A68B10E12F2}.Release|x86.Build.0 = Release|Any CPU
		{1443FCC6-562F-4A07-9AFB-36C1D54FEEF2}.Debug|Any CPU.ActiveCfg = Debug|Any CPU
		{1443FCC6-562F-4A07-9AFB-36C1D54FEEF2}.Debug|Any CPU.Build.0 = Debug|Any CPU
		{1443FCC6-562F-4A07-9AFB-36C1D54FEEF2}.Debug|x64.ActiveCfg = Debug|Any CPU
		{1443FCC6-562F-4A07-9AFB-36C1D54FEEF2}.Debug|x64.Build.0 = Debug|Any CPU
		{1443FCC6-562F-4A07-9AFB-36C1D54FEEF2}.Debug|x86.ActiveCfg = Debug|Any CPU
		{1443FCC6-562F-4A07-9AFB-36C1D54FEEF2}.Debug|x86.Build.0 = Debug|Any CPU
		{1443FCC6-562F-4A07-9AFB-36C1D54FEEF2}.Release|Any CPU.ActiveCfg = Release|Any CPU
		{1443FCC6-562F-4A07-9AFB-36C1D54FEEF2}.Release|Any CPU.Build.0 = Release|Any CPU
		{1443FCC6-562F-4A07-9AFB-36C1D54FEEF2}.Release|x64.ActiveCfg = Release|Any CPU
		{1443FCC6-562F-4A07-9AFB-36C1D54FEEF2}.Release|x64.Build.0 = Release|Any CPU
		{1443FCC6-562F-4A07-9AFB-36C1D54FEEF2}.Release|x86.ActiveCfg = Release|Any CPU
		{1443FCC6-562F-4A07-9AFB-36C1D54FEEF2}.Release|x86.Build.0 = Release|Any CPU
		{A94638CE-5CCB-4460-90C4-A96E8A360CAE}.Debug|Any CPU.ActiveCfg = Debug|Any CPU
		{A94638CE-5CCB-4460-90C4-A96E8A360CAE}.Debug|Any CPU.Build.0 = Debug|Any CPU
		{A94638CE-5CCB-4460-90C4-A96E8A360CAE}.Debug|x64.ActiveCfg = Debug|Any CPU
		{A94638CE-5CCB-4460-90C4-A96E8A360CAE}.Debug|x64.Build.0 = Debug|Any CPU
		{A94638CE-5CCB-4460-90C4-A96E8A360CAE}.Debug|x86.ActiveCfg = Debug|Any CPU
		{A94638CE-5CCB-4460-90C4-A96E8A360CAE}.Debug|x86.Build.0 = Debug|Any CPU
		{A94638CE-5CCB-4460-90C4-A96E8A360CAE}.Release|Any CPU.ActiveCfg = Release|Any CPU
		{A94638CE-5CCB-4460-90C4-A96E8A360CAE}.Release|Any CPU.Build.0 = Release|Any CPU
		{A94638CE-5CCB-4460-90C4-A96E8A360CAE}.Release|x64.ActiveCfg = Release|Any CPU
		{A94638CE-5CCB-4460-90C4-A96E8A360CAE}.Release|x64.Build.0 = Release|Any CPU
		{A94638CE-5CCB-4460-90C4-A96E8A360CAE}.Release|x86.ActiveCfg = Release|Any CPU
		{A94638CE-5CCB-4460-90C4-A96E8A360CAE}.Release|x86.Build.0 = Release|Any CPU
		{39096B30-5E3A-48B9-9320-9C1176AA54D1}.Debug|Any CPU.ActiveCfg = Debug|Any CPU
		{39096B30-5E3A-48B9-9320-9C1176AA54D1}.Debug|Any CPU.Build.0 = Debug|Any CPU
		{39096B30-5E3A-48B9-9320-9C1176AA54D1}.Debug|x64.ActiveCfg = Debug|x64
		{39096B30-5E3A-48B9-9320-9C1176AA54D1}.Debug|x64.Build.0 = Debug|x64
		{39096B30-5E3A-48B9-9320-9C1176AA54D1}.Debug|x86.ActiveCfg = Debug|x86
		{39096B30-5E3A-48B9-9320-9C1176AA54D1}.Debug|x86.Build.0 = Debug|x86
		{39096B30-5E3A-48B9-9320-9C1176AA54D1}.Release|Any CPU.ActiveCfg = Release|Any CPU
		{39096B30-5E3A-48B9-9320-9C1176AA54D1}.Release|Any CPU.Build.0 = Release|Any CPU
		{39096B30-5E3A-48B9-9320-9C1176AA54D1}.Release|x64.ActiveCfg = Release|x64
		{39096B30-5E3A-48B9-9320-9C1176AA54D1}.Release|x64.Build.0 = Release|x64
		{39096B30-5E3A-48B9-9320-9C1176AA54D1}.Release|x86.ActiveCfg = Release|x86
		{39096B30-5E3A-48B9-9320-9C1176AA54D1}.Release|x86.Build.0 = Release|x86
		{7F00C808-E547-4A99-B2BF-29E2EFC37AD8}.Debug|Any CPU.ActiveCfg = Debug|Any CPU
		{7F00C808-E547-4A99-B2BF-29E2EFC37AD8}.Debug|Any CPU.Build.0 = Debug|Any CPU
		{7F00C808-E547-4A99-B2BF-29E2EFC37AD8}.Debug|x64.ActiveCfg = Debug|Any CPU
		{7F00C808-E547-4A99-B2BF-29E2EFC37AD8}.Debug|x64.Build.0 = Debug|Any CPU
		{7F00C808-E547-4A99-B2BF-29E2EFC37AD8}.Debug|x86.ActiveCfg = Debug|Any CPU
		{7F00C808-E547-4A99-B2BF-29E2EFC37AD8}.Debug|x86.Build.0 = Debug|Any CPU
		{7F00C808-E547-4A99-B2BF-29E2EFC37AD8}.Release|Any CPU.ActiveCfg = Release|Any CPU
		{7F00C808-E547-4A99-B2BF-29E2EFC37AD8}.Release|Any CPU.Build.0 = Release|Any CPU
		{7F00C808-E547-4A99-B2BF-29E2EFC37AD8}.Release|x64.ActiveCfg = Release|Any CPU
		{7F00C808-E547-4A99-B2BF-29E2EFC37AD8}.Release|x64.Build.0 = Release|Any CPU
		{7F00C808-E547-4A99-B2BF-29E2EFC37AD8}.Release|x86.ActiveCfg = Release|Any CPU
		{7F00C808-E547-4A99-B2BF-29E2EFC37AD8}.Release|x86.Build.0 = Release|Any CPU
		{926AFEC8-99BB-4C0B-85C9-2B4457F7A78B}.Debug|Any CPU.ActiveCfg = Debug|Any CPU
		{926AFEC8-99BB-4C0B-85C9-2B4457F7A78B}.Debug|Any CPU.Build.0 = Debug|Any CPU
		{926AFEC8-99BB-4C0B-85C9-2B4457F7A78B}.Debug|x64.ActiveCfg = Debug|x64
		{926AFEC8-99BB-4C0B-85C9-2B4457F7A78B}.Debug|x64.Build.0 = Debug|x64
		{926AFEC8-99BB-4C0B-85C9-2B4457F7A78B}.Debug|x86.ActiveCfg = Debug|x86
		{926AFEC8-99BB-4C0B-85C9-2B4457F7A78B}.Debug|x86.Build.0 = Debug|x86
		{926AFEC8-99BB-4C0B-85C9-2B4457F7A78B}.Release|Any CPU.ActiveCfg = Release|Any CPU
		{926AFEC8-99BB-4C0B-85C9-2B4457F7A78B}.Release|Any CPU.Build.0 = Release|Any CPU
		{926AFEC8-99BB-4C0B-85C9-2B4457F7A78B}.Release|x64.ActiveCfg = Release|x64
		{926AFEC8-99BB-4C0B-85C9-2B4457F7A78B}.Release|x64.Build.0 = Release|x64
		{926AFEC8-99BB-4C0B-85C9-2B4457F7A78B}.Release|x86.ActiveCfg = Release|x86
		{926AFEC8-99BB-4C0B-85C9-2B4457F7A78B}.Release|x86.Build.0 = Release|x86
		{6A93784C-FD69-4E00-8059-7A67C15F8024}.Debug|Any CPU.ActiveCfg = Debug|Any CPU
		{6A93784C-FD69-4E00-8059-7A67C15F8024}.Debug|Any CPU.Build.0 = Debug|Any CPU
		{6A93784C-FD69-4E00-8059-7A67C15F8024}.Debug|x64.ActiveCfg = Debug|x64
		{6A93784C-FD69-4E00-8059-7A67C15F8024}.Debug|x64.Build.0 = Debug|x64
		{6A93784C-FD69-4E00-8059-7A67C15F8024}.Debug|x86.ActiveCfg = Debug|x86
		{6A93784C-FD69-4E00-8059-7A67C15F8024}.Debug|x86.Build.0 = Debug|x86
		{6A93784C-FD69-4E00-8059-7A67C15F8024}.Release|Any CPU.ActiveCfg = Release|Any CPU
		{6A93784C-FD69-4E00-8059-7A67C15F8024}.Release|Any CPU.Build.0 = Release|Any CPU
		{6A93784C-FD69-4E00-8059-7A67C15F8024}.Release|x64.ActiveCfg = Release|x64
		{6A93784C-FD69-4E00-8059-7A67C15F8024}.Release|x64.Build.0 = Release|x64
		{6A93784C-FD69-4E00-8059-7A67C15F8024}.Release|x86.ActiveCfg = Release|x86
		{6A93784C-FD69-4E00-8059-7A67C15F8024}.Release|x86.Build.0 = Release|x86
		{3F1556DC-4803-435D-ADFF-A18826F6A830}.Debug|Any CPU.ActiveCfg = Debug|Any CPU
		{3F1556DC-4803-435D-ADFF-A18826F6A830}.Debug|Any CPU.Build.0 = Debug|Any CPU
		{3F1556DC-4803-435D-ADFF-A18826F6A830}.Debug|x64.ActiveCfg = Debug|x64
		{3F1556DC-4803-435D-ADFF-A18826F6A830}.Debug|x64.Build.0 = Debug|x64
		{3F1556DC-4803-435D-ADFF-A18826F6A830}.Debug|x86.ActiveCfg = Debug|x86
		{3F1556DC-4803-435D-ADFF-A18826F6A830}.Debug|x86.Build.0 = Debug|x86
		{3F1556DC-4803-435D-ADFF-A18826F6A830}.Release|Any CPU.ActiveCfg = Release|Any CPU
		{3F1556DC-4803-435D-ADFF-A18826F6A830}.Release|Any CPU.Build.0 = Release|Any CPU
		{3F1556DC-4803-435D-ADFF-A18826F6A830}.Release|x64.ActiveCfg = Release|x64
		{3F1556DC-4803-435D-ADFF-A18826F6A830}.Release|x64.Build.0 = Release|x64
		{3F1556DC-4803-435D-ADFF-A18826F6A830}.Release|x86.ActiveCfg = Release|x86
		{3F1556DC-4803-435D-ADFF-A18826F6A830}.Release|x86.Build.0 = Release|x86
		{CCA4076F-E750-4A7F-9060-6A3532EB68A9}.Debug|Any CPU.ActiveCfg = Debug|Any CPU
		{CCA4076F-E750-4A7F-9060-6A3532EB68A9}.Debug|Any CPU.Build.0 = Debug|Any CPU
		{CCA4076F-E750-4A7F-9060-6A3532EB68A9}.Debug|x64.ActiveCfg = Debug|x64
		{CCA4076F-E750-4A7F-9060-6A3532EB68A9}.Debug|x64.Build.0 = Debug|x64
		{CCA4076F-E750-4A7F-9060-6A3532EB68A9}.Debug|x86.ActiveCfg = Debug|x86
		{CCA4076F-E750-4A7F-9060-6A3532EB68A9}.Debug|x86.Build.0 = Debug|x86
		{CCA4076F-E750-4A7F-9060-6A3532EB68A9}.Release|Any CPU.ActiveCfg = Release|Any CPU
		{CCA4076F-E750-4A7F-9060-6A3532EB68A9}.Release|Any CPU.Build.0 = Release|Any CPU
		{CCA4076F-E750-4A7F-9060-6A3532EB68A9}.Release|x64.ActiveCfg = Release|x64
		{CCA4076F-E750-4A7F-9060-6A3532EB68A9}.Release|x64.Build.0 = Release|x64
		{CCA4076F-E750-4A7F-9060-6A3532EB68A9}.Release|x86.ActiveCfg = Release|x86
		{CCA4076F-E750-4A7F-9060-6A3532EB68A9}.Release|x86.Build.0 = Release|x86
		{DCAB0A3D-B8CB-42E1-83C6-5ABBF7216F0E}.Debug|Any CPU.ActiveCfg = Debug|Any CPU
		{DCAB0A3D-B8CB-42E1-83C6-5ABBF7216F0E}.Debug|Any CPU.Build.0 = Debug|Any CPU
		{DCAB0A3D-B8CB-42E1-83C6-5ABBF7216F0E}.Debug|x64.ActiveCfg = Debug|Any CPU
		{DCAB0A3D-B8CB-42E1-83C6-5ABBF7216F0E}.Debug|x64.Build.0 = Debug|Any CPU
		{DCAB0A3D-B8CB-42E1-83C6-5ABBF7216F0E}.Debug|x86.ActiveCfg = Debug|Any CPU
		{DCAB0A3D-B8CB-42E1-83C6-5ABBF7216F0E}.Debug|x86.Build.0 = Debug|Any CPU
		{DCAB0A3D-B8CB-42E1-83C6-5ABBF7216F0E}.Release|Any CPU.ActiveCfg = Release|Any CPU
		{DCAB0A3D-B8CB-42E1-83C6-5ABBF7216F0E}.Release|Any CPU.Build.0 = Release|Any CPU
		{DCAB0A3D-B8CB-42E1-83C6-5ABBF7216F0E}.Release|x64.ActiveCfg = Release|Any CPU
		{DCAB0A3D-B8CB-42E1-83C6-5ABBF7216F0E}.Release|x64.Build.0 = Release|Any CPU
		{DCAB0A3D-B8CB-42E1-83C6-5ABBF7216F0E}.Release|x86.ActiveCfg = Release|Any CPU
		{DCAB0A3D-B8CB-42E1-83C6-5ABBF7216F0E}.Release|x86.Build.0 = Release|Any CPU
	EndGlobalSection
	GlobalSection(SolutionProperties) = preSolution
		HideSolutionNode = FALSE
	EndGlobalSection
	GlobalSection(NestedProjects) = preSolution
		{63EC6997-5B85-4503-9678-8ECE52B65973} = {ACFF16D9-C460-4DAF-8806-E9FD58069B7B}
		{FFB8537F-C019-4A5E-9981-C8EC82224737} = {ACFF16D9-C460-4DAF-8806-E9FD58069B7B}
		{4062533C-8E08-459E-B11E-CA0AD5EA367E} = {ACFF16D9-C460-4DAF-8806-E9FD58069B7B}
		{66EAF0AA-B2F5-4E16-900A-4D7DF1C463A2} = {75E852DF-4CB3-4318-9A92-82F84CD3DFA7}
		{58C353BC-BA03-4118-8297-3253F90D9E32} = {ACFF16D9-C460-4DAF-8806-E9FD58069B7B}
		{67FD7829-3D64-4564-B9CB-B095651DC564} = {75E852DF-4CB3-4318-9A92-82F84CD3DFA7}
		{178940B4-88F9-40CD-8D85-3C8C7D12DCC0} = {75E852DF-4CB3-4318-9A92-82F84CD3DFA7}
		{60AA339A-D3F8-4793-8948-697927B89A5E} = {ACFF16D9-C460-4DAF-8806-E9FD58069B7B}
		{805BB475-5521-4336-9F45-9A68B10E12F2} = {ACFF16D9-C460-4DAF-8806-E9FD58069B7B}
		{1443FCC6-562F-4A07-9AFB-36C1D54FEEF2} = {ACFF16D9-C460-4DAF-8806-E9FD58069B7B}
		{A94638CE-5CCB-4460-90C4-A96E8A360CAE} = {ACFF16D9-C460-4DAF-8806-E9FD58069B7B}
		{39096B30-5E3A-48B9-9320-9C1176AA54D1} = {75E852DF-4CB3-4318-9A92-82F84CD3DFA7}
		{7F00C808-E547-4A99-B2BF-29E2EFC37AD8} = {75E852DF-4CB3-4318-9A92-82F84CD3DFA7}
		{926AFEC8-99BB-4C0B-85C9-2B4457F7A78B} = {ACFF16D9-C460-4DAF-8806-E9FD58069B7B}
		{6A93784C-FD69-4E00-8059-7A67C15F8024} = {75E852DF-4CB3-4318-9A92-82F84CD3DFA7}
		{3F1556DC-4803-435D-ADFF-A18826F6A830} = {ACFF16D9-C460-4DAF-8806-E9FD58069B7B}
		{CCA4076F-E750-4A7F-9060-6A3532EB68A9} = {75E852DF-4CB3-4318-9A92-82F84CD3DFA7}
		{DCAB0A3D-B8CB-42E1-83C6-5ABBF7216F0E} = {75E852DF-4CB3-4318-9A92-82F84CD3DFA7}
	EndGlobalSection
EndGlobal
