
Microsoft Visual Studio Solution File, Format Version 12.00
# Visual Studio Version 18
VisualStudioVersion = 18.2.11430.68
MinimumVisualStudioVersion = 10.0.40219.1
Project("{2150E333-8FDC-42A3-9474-1A3956D46DE8}") = "src", "src", "{ACFF16D9-C460-4DAF-8806-E9FD58069B7B}"
EndProject
Project("{FAE04EC0-301F-11D3-BF4B-00C04F79EFBC}") = "McpServer.Common.Copilot", "src\McpServer.Common.Copilot\McpServer.Common.Copilot.csproj", "{63EC6997-5B85-4503-9678-8ECE52B65973}"
EndProject
Project("{FAE04EC0-301F-11D3-BF4B-00C04F79EFBC}") = "McpServer.ServiceDefaults", "src\McpServer.ServiceDefaults\McpServer.ServiceDefaults.csproj", "{FFB8537F-C019-4A5E-9981-C8EC82224737}"
EndProject
Project("{FAE04EC0-301F-11D3-BF4B-00C04F79EFBC}") = "McpServer.Support.Mcp", "src\McpServer.Support.Mcp\McpServer.Support.Mcp.csproj", "{4062533C-8E08-459E-B11E-CA0AD5EA367E}"
EndProject
Project("{2150E333-8FDC-42A3-9474-1A3956D46DE8}") = "tests", "tests", "{75E852DF-4CB3-4318-9A92-82F84CD3DFA7}"
EndProject
Project("{FAE04EC0-301F-11D3-BF4B-00C04F79EFBC}") = "McpServer.Support.Mcp.Tests", "tests\McpServer.Support.Mcp.Tests\McpServer.Support.Mcp.Tests.csproj", "{66EAF0AA-B2F5-4E16-900A-4D7DF1C463A2}"
EndProject
Project("{FAE04EC0-301F-11D3-BF4B-00C04F79EFBC}") = "McpServer.Support.Mcp.IntegrationTests", "tests\McpServer.Support.Mcp.IntegrationTests\McpServer.Support.Mcp.IntegrationTests.csproj", "{88EAF0AA-B2F5-4E16-900A-4D7DF1C463A3}"
EndProject
Project("{FAE04EC0-301F-11D3-BF4B-00C04F79EFBC}") = "McpServer.Client", "src\McpServer.Client\McpServer.Client.csproj", "{58C353BC-BA03-4118-8297-3253F90D9E32}"
EndProject
Project("{FAE04EC0-301F-11D3-BF4B-00C04F79EFBC}") = "McpServer.Client.Tests", "tests\McpServer.Client.Tests\McpServer.Client.Tests.csproj", "{67FD7829-3D64-4564-B9CB-B095651DC564}"
EndProject
Project("{FAE04EC0-301F-11D3-BF4B-00C04F79EFBC}") = "McpServer.Cqrs.Mvvm", "src\McpServer.Cqrs.Mvvm\McpServer.Cqrs.Mvvm.csproj", "{60AA339A-D3F8-4793-8948-697927B89A5E}"
EndProject
Project("{FAE04EC0-301F-11D3-BF4B-00C04F79EFBC}") = "McpServer.Cqrs", "src\McpServer.Cqrs\McpServer.Cqrs.csproj", "{805BB475-5521-4336-9F45-9A68B10E12F2}"
EndProject
Project("{FAE04EC0-301F-11D3-BF4B-00C04F79EFBC}") = "McpServer.Cqrs.Tests", "tests\McpServer.Cqrs.Tests\McpServer.Cqrs.Tests.csproj", "{39096B30-5E3A-48B9-9320-9C1176AA54D1}"
EndProject
Project("{FAE04EC0-301F-11D3-BF4B-00C04F79EFBC}") = "McpServer.Launcher", "src\McpServer.Launcher\McpServer.Launcher.csproj", "{926AFEC8-99BB-4C0B-85C9-2B4457F7A78B}"
EndProject
Project("{FAE04EC0-301F-11D3-BF4B-00C04F79EFBC}") = "McpServer.Launcher.Tests", "tests\McpServer.Launcher.Tests\McpServer.Launcher.Tests.csproj", "{6A93784C-FD69-4E00-8059-7A67C15F8024}"
EndProject
Project("{FAE04EC0-301F-11D3-BF4B-00C04F79EFBC}") = "McpServer.Storage", "src\McpServer.Storage\McpServer.Storage.csproj", "{3440E91F-278D-4963-8992-C844AC9ADEE1}"
EndProject
Project("{FAE04EC0-301F-11D3-BF4B-00C04F79EFBC}") = "McpServer.Services", "src\McpServer.Services\McpServer.Services.csproj", "{EEC626B7-1F0E-405B-96B9-BE27447F4D9E}"
EndProject
Project("{FAE04EC0-301F-11D3-BF4B-00C04F79EFBC}") = "McpServer.GraphRag", "src\McpServer.GraphRag\McpServer.GraphRag.csproj", "{08BD5C78-2E4B-4726-925D-165BB93F021A}"
EndProject
Project("{FAE04EC0-301F-11D3-BF4B-00C04F79EFBC}") = "McpServer.Context.Validation", "tests\McpServer.Context.Validation\McpServer.Context.Validation.csproj", "{D67363A2-E44B-4343-981C-A7F1BD91C637}"
EndProject
Project("{FAE04EC0-301F-11D3-BF4B-00C04F79EFBC}") = "McpServer.GitHub.Validation", "tests\McpServer.GitHub.Validation\McpServer.GitHub.Validation.csproj", "{F1C78B67-98F1-4900-93BA-515A90608141}"
EndProject
Project("{FAE04EC0-301F-11D3-BF4B-00C04F79EFBC}") = "McpServer.Repo.Validation", "tests\McpServer.Repo.Validation\McpServer.Repo.Validation.csproj", "{9F34A302-076D-4058-A2AD-558EECEB2BC9}"
EndProject
Project("{FAE04EC0-301F-11D3-BF4B-00C04F79EFBC}") = "McpServer.SessionLog.Validation", "tests\McpServer.SessionLog.Validation\McpServer.SessionLog.Validation.csproj", "{9041EFE3-E35F-45CD-8B26-BD05D187BA66}"
EndProject
Project("{FAE04EC0-301F-11D3-BF4B-00C04F79EFBC}") = "McpServer.Todo.Validation", "tests\McpServer.Todo.Validation\McpServer.Todo.Validation.csproj", "{47A07688-1499-4823-902A-98BC07077B05}"
EndProject
Project("{FAE04EC0-301F-11D3-BF4B-00C04F79EFBC}") = "McpServer.ToolRegistry.Validation", "tests\McpServer.ToolRegistry.Validation\McpServer.ToolRegistry.Validation.csproj", "{0D95192B-7884-4762-9777-0B7C030A02CE}"
EndProject
Project("{FAE04EC0-301F-11D3-BF4B-00C04F79EFBC}") = "McpServer.Workspace.Validation", "tests\McpServer.Workspace.Validation\McpServer.Workspace.Validation.csproj", "{1255D16B-B9CC-4647-A567-C6ABCA1E166E}"
EndProject
Project("{FAE04EC0-301F-11D3-BF4B-00C04F79EFBC}") = "McpServer.McpAgent", "src\McpServer.McpAgent\McpServer.McpAgent.csproj", "{16649839-FA22-438C-B554-5AC585BE749E}"
EndProject
Project("{FAE04EC0-301F-11D3-BF4B-00C04F79EFBC}") = "McpServer.McpAgent.SampleHost", "src\McpServer.McpAgent.SampleHost\McpServer.McpAgent.SampleHost.csproj", "{2280A17E-2C01-407F-87FC-2AC59C760CC4}"
EndProject
Project("{FAE04EC0-301F-11D3-BF4B-00C04F79EFBC}") = "McpServer.McpAgent.Tests", "tests\McpServer.McpAgent.Tests\McpServer.McpAgent.Tests.csproj", "{74ED711C-8F0A-4C78-9B96-FC8EAAA1E2BD}"
EndProject
Project("{FAE04EC0-301F-11D3-BF4B-00C04F79EFBC}") = "McpServer.Storage.SqliteMigrations", "src\McpServer.Storage.SqliteMigrations\McpServer.Storage.SqliteMigrations.csproj", "{2A41F4AE-40D5-4EA9-BAE6-C1903D704480}"
EndProject
Project("{FAE04EC0-301F-11D3-BF4B-00C04F79EFBC}") = "McpServer.Storage.PostgreSqlMigrations", "src\McpServer.Storage.PostgreSqlMigrations\McpServer.Storage.PostgreSqlMigrations.csproj", "{10F44B14-51DD-47C3-B07B-7853192780D6}"
EndProject
Project("{FAE04EC0-301F-11D3-BF4B-00C04F79EFBC}") = "McpServer.Storage.SqlServerMigrations", "src\McpServer.Storage.SqlServerMigrations\McpServer.Storage.SqlServerMigrations.csproj", "{873168C9-66FA-421F-9449-38DD8BC4A5A1}"
EndProject
Project("{FAE04EC0-301F-11D3-BF4B-00C04F79EFBC}") = "McpServer.Repl.Core", "src\McpServer.Repl.Core\McpServer.Repl.Core.csproj", "{26A13359-C7EE-4453-BA6A-8880784B7180}"
EndProject
Project("{FAE04EC0-301F-11D3-BF4B-00C04F79EFBC}") = "McpServer.Repl.Host", "src\McpServer.Repl.Host\McpServer.Repl.Host.csproj", "{90C222DC-D8DA-4714-8654-7AF09838748D}"
EndProject
Project("{FAE04EC0-301F-11D3-BF4B-00C04F79EFBC}") = "McpServer.Repl.Core.Tests", "tests\McpServer.Repl.Core.Tests\McpServer.Repl.Core.Tests.csproj", "{D6DC946D-2E8A-4537-970E-F7065416F6B4}"
EndProject
Project("{FAE04EC0-301F-11D3-BF4B-00C04F79EFBC}") = "McpServer.Repl.IntegrationTests", "tests\McpServer.Repl.IntegrationTests\McpServer.Repl.IntegrationTests.csproj", "{3894BD83-CF9C-4FD3-8DFB-EEB545188C19}"
EndProject
Project("{2150E333-8FDC-42A3-9474-1A3956D46DE8}") = "build", "build", "{DEE5DD87-39C1-BF34-B639-A387DCCF972B}"
EndProject
Project("{FAE04EC0-301F-11D3-BF4B-00C04F79EFBC}") = "_build", "build\_build.csproj", "{718B42DA-F5B8-4C3C-96A8-3D5216FBE3E2}"
EndProject
Project("{FAE04EC0-301F-11D3-BF4B-00C04F79EFBC}") = "Build.Tests", "tests\Build.Tests\Build.Tests.csproj", "{D6271A8D-E8DD-4026-BC6F-C9AE6D1BCE1C}"
EndProject
Project("{FAE04EC0-301F-11D3-BF4B-00C04F79EFBC}") = "McpServer.PlanReview.Tests", "tests\McpServer.PlanReview.Tests\McpServer.PlanReview.Tests.csproj", "{B9749F1B-2CED-4332-817D-4E9FC5494ADC}"
EndProject
Project("{FAE04EC0-301F-11D3-BF4B-00C04F79EFBC}") = "McpServer.TransactionSecurity", "src\McpServer.TransactionSecurity\McpServer.TransactionSecurity.csproj", "{B54FDFC9-1995-4E90-83A5-33F1411B775A}"
EndProject
Project("{FAE04EC0-301F-11D3-BF4B-00C04F79EFBC}") = "McpServer.KeyServer", "src\McpServer.KeyServer\McpServer.KeyServer.csproj", "{E19E229B-F10D-471F-9D88-A7C905DEAE5D}"
EndProject
Project("{FAE04EC0-301F-11D3-BF4B-00C04F79EFBC}") = "McpServer.Subscriber", "src\McpServer.Subscriber\McpServer.Subscriber.csproj", "{00A8B4A2-E43A-46FA-A204-D26B56D36E9A}"
EndProject
Project("{FAE04EC0-301F-11D3-BF4B-00C04F79EFBC}") = "McpServer.TransactionSecurity.IntegrationTests", "tests\McpServer.TransactionSecurity.IntegrationTests\McpServer.TransactionSecurity.IntegrationTests.csproj", "{DA92BFA6-105C-41A8-A8DD-4D2FE8E97636}"
EndProject
Project("{FAE04EC0-301F-11D3-BF4B-00C04F79EFBC}") = "McpServer.Acid.IntegrationTests", "tests\McpServer.Acid.IntegrationTests\McpServer.Acid.IntegrationTests.csproj", "{F8D2490B-BA3E-41E5-A644-6767D7545E16}"
EndProject
Project("{FAE04EC0-301F-11D3-BF4B-00C04F79EFBC}") = "McpServer.QBAgent", "src\McpServer.QBAgent\McpServer.QBAgent.csproj", "{CB804390-1CC7-4926-9644-7B21D21BB006}"
EndProject
Project("{FAE04EC0-301F-11D3-BF4B-00C04F79EFBC}") = "McpServer.QBAgent.Tests", "tests\McpServer.QBAgent.Tests\McpServer.QBAgent.Tests.csproj", "{286B5235-0269-4181-83E8-90C0449547E9}"
EndProject
Global
	GlobalSection(SolutionConfigurationPlatforms) = preSolution
		Debug|Any CPU = Debug|Any CPU
		Debug|x64 = Debug|x64
		Debug|x86 = Debug|x86
		Release|Any CPU = Release|Any CPU
		Release|x64 = Release|x64
		Release|x86 = Release|x86
	EndGlobalSection
	GlobalSection(ProjectConfigurationPlatforms) = postSolution
		{63EC6997-5B85-4503-9678-8ECE52B65973}.Debug|Any CPU.ActiveCfg = Debug|Any CPU
		{63EC6997-5B85-4503-9678-8ECE52B65973}.Debug|Any CPU.Build.0 = Debug|Any CPU
		{63EC6997-5B85-4503-9678-8ECE52B65973}.Debug|x64.ActiveCfg = Debug|Any CPU
		{63EC6997-5B85-4503-9678-8ECE52B65973}.Debug|x64.Build.0 = Debug|Any CPU
		{63EC6997-5B85-4503-9678-8ECE52B65973}.Debug|x86.ActiveCfg = Debug|Any CPU
		{63EC6997-5B85-4503-9678-8ECE52B65973}.Debug|x86.Build.0 = Debug|Any CPU
		{63EC6997-5B85-4503-9678-8ECE52B65973}.Release|Any CPU.ActiveCfg = Release|Any CPU
		{63EC6997-5B85-4503-9678-8ECE52B65973}.Release|Any CPU.Build.0 = Release|Any CPU
		{63EC6997-5B85-4503-9678-8ECE52B65973}.Release|x64.ActiveCfg = Release|Any CPU
		{63EC6997-5B85-4503-9678-8ECE52B65973}.Release|x64.Build.0 = Release|Any CPU
		{63EC6997-5B85-4503-9678-8ECE52B65973}.Release|x86.ActiveCfg = Release|Any CPU
		{63EC6997-5B85-4503-9678-8ECE52B65973}.Release|x86.Build.0 = Release|Any CPU
		{FFB8537F-C019-4A5E-9981-C8EC82224737}.Debug|Any CPU.ActiveCfg = Debug|Any CPU
		{FFB8537F-C019-4A5E-9981-C8EC82224737}.Debug|Any CPU.Build.0 = Debug|Any CPU
		{FFB8537F-C019-4A5E-9981-C8EC82224737}.Debug|x64.ActiveCfg = Debug|Any CPU
		{FFB8537F-C019-4A5E-9981-C8EC82224737}.Debug|x64.Build.0 = Debug|Any CPU
		{FFB8537F-C019-4A5E-9981-C8EC82224737}.Debug|x86.ActiveCfg = Debug|Any CPU
		{FFB8537F-C019-4A5E-9981-C8EC82224737}.Debug|x86.Build.0 = Debug|Any CPU
		{FFB8537F-C019-4A5E-9981-C8EC82224737}.Release|Any CPU.ActiveCfg = Release|Any CPU
		{FFB8537F-C019-4A5E-9981-C8EC82224737}.Release|Any CPU.Build.0 = Release|Any CPU
		{FFB8537F-C019-4A5E-9981-C8EC82224737}.Release|x64.ActiveCfg = Release|Any CPU
		{FFB8537F-C019-4A5E-9981-C8EC82224737}.Release|x64.Build.0 = Release|Any CPU
		{FFB8537F-C019-4A5E-9981-C8EC82224737}.Release|x86.ActiveCfg = Release|Any CPU
		{FFB8537F-C019-4A5E-9981-C8EC82224737}.Release|x86.Build.0 = Release|Any CPU
		{4062533C-8E08-459E-B11E-CA0AD5EA367E}.Debug|Any CPU.ActiveCfg = Debug|Any CPU
		{4062533C-8E08-459E-B11E-CA0AD5EA367E}.Debug|Any CPU.Build.0 = Debug|Any CPU
		{4062533C-8E08-459E-B11E-CA0AD5EA367E}.Debug|x64.ActiveCfg = Debug|Any CPU
		{4062533C-8E08-459E-B11E-CA0AD5EA367E}.Debug|x64.Build.0 = Debug|Any CPU
		{4062533C-8E08-459E-B11E-CA0AD5EA367E}.Debug|x86.ActiveCfg = Debug|Any CPU
		{4062533C-8E08-459E-B11E-CA0AD5EA367E}.Debug|x86.Build.0 = Debug|Any CPU
		{4062533C-8E08-459E-B11E-CA0AD5EA367E}.Release|Any CPU.ActiveCfg = Release|Any CPU
		{4062533C-8E08-459E-B11E-CA0AD5EA367E}.Release|Any CPU.Build.0 = Release|Any CPU
		{4062533C-8E08-459E-B11E-CA0AD5EA367E}.Release|x64.ActiveCfg = Release|Any CPU
		{4062533C-8E08-459E-B11E-CA0AD5EA367E}.Release|x64.Build.0 = Release|Any CPU
		{4062533C-8E08-459E-B11E-CA0AD5EA367E}.Release|x86.ActiveCfg = Release|Any CPU
		{4062533C-8E08-459E-B11E-CA0AD5EA367E}.Release|x86.Build.0 = Release|Any CPU
		{66EAF0AA-B2F5-4E16-900A-4D7DF1C463A2}.Debug|Any CPU.ActiveCfg = Debug|Any CPU
		{66EAF0AA-B2F5-4E16-900A-4D7DF1C463A2}.Debug|Any CPU.Build.0 = Debug|Any CPU
		{66EAF0AA-B2F5-4E16-900A-4D7DF1C463A2}.Debug|x64.ActiveCfg = Debug|Any CPU
		{66EAF0AA-B2F5-4E16-900A-4D7DF1C463A2}.Debug|x64.Build.0 = Debug|Any CPU
		{66EAF0AA-B2F5-4E16-900A-4D7DF1C463A2}.Debug|x86.ActiveCfg = Debug|Any CPU
		{66EAF0AA-B2F5-4E16-900A-4D7DF1C463A2}.Debug|x86.Build.0 = Debug|Any CPU
		{66EAF0AA-B2F5-4E16-900A-4D7DF1C463A2}.Release|Any CPU.ActiveCfg = Release|Any CPU
		{66EAF0AA-B2F5-4E16-900A-4D7DF1C463A2}.Release|Any CPU.Build.0 = Release|Any CPU
		{66EAF0AA-B2F5-4E16-900A-4D7DF1C463A2}.Release|x64.ActiveCfg = Release|Any CPU
		{66EAF0AA-B2F5-4E16-900A-4D7DF1C463A2}.Release|x64.Build.0 = Release|Any CPU
		{66EAF0AA-B2F5-4E16-900A-4D7DF1C463A2}.Release|x86.ActiveCfg = Release|Any CPU
		{66EAF0AA-B2F5-4E16-900A-4D7DF1C463A2}.Release|x86.Build.0 = Release|Any CPU
		{88EAF0AA-B2F5-4E16-900A-4D7DF1C463A3}.Debug|Any CPU.ActiveCfg = Debug|Any CPU
		{88EAF0AA-B2F5-4E16-900A-4D7DF1C463A3}.Debug|Any CPU.Build.0 = Debug|Any CPU
		{88EAF0AA-B2F5-4E16-900A-4D7DF1C463A3}.Debug|x64.ActiveCfg = Debug|Any CPU
		{88EAF0AA-B2F5-4E16-900A-4D7DF1C463A3}.Debug|x64.Build.0 = Debug|Any CPU
		{88EAF0AA-B2F5-4E16-900A-4D7DF1C463A3}.Debug|x86.ActiveCfg = Debug|Any CPU
		{88EAF0AA-B2F5-4E16-900A-4D7DF1C463A3}.Debug|x86.Build.0 = Debug|Any CPU
		{88EAF0AA-B2F5-4E16-900A-4D7DF1C463A3}.Release|Any CPU.ActiveCfg = Release|Any CPU
		{88EAF0AA-B2F5-4E16-900A-4D7DF1C463A3}.Release|Any CPU.Build.0 = Release|Any CPU
		{88EAF0AA-B2F5-4E16-900A-4D7DF1C463A3}.Release|x64.ActiveCfg = Release|Any CPU
		{88EAF0AA-B2F5-4E16-900A-4D7DF1C463A3}.Release|x64.Build.0 = Release|Any CPU
		{88EAF0AA-B2F5-4E16-900A-4D7DF1C463A3}.Release|x86.ActiveCfg = Release|Any CPU
		{88EAF0AA-B2F5-4E16-900A-4D7DF1C463A3}.Release|x86.Build.0 = Release|Any CPU
		{58C353BC-BA03-4118-8297-3253F90D9E32}.Debug|Any CPU.ActiveCfg = Debug|Any CPU
		{58C353BC-BA03-4118-8297-3253F90D9E32}.Debug|Any CPU.Build.0 = Debug|Any CPU
		{58C353BC-BA03-4118-8297-3253F90D9E32}.Debug|x64.ActiveCfg = Debug|Any CPU
		{58C353BC-BA03-4118-8297-3253F90D9E32}.Debug|x64.Build.0 = Debug|Any CPU
		{58C353BC-BA03-4118-8297-3253F90D9E32}.Debug|x86.ActiveCfg = Debug|Any CPU
		{58C353BC-BA03-4118-8297-3253F90D9E32}.Debug|x86.Build.0 = Debug|Any CPU
		{58C353BC-BA03-4118-8297-3253F90D9E32}.Release|Any CPU.ActiveCfg = Release|Any CPU
		{58C353BC-BA03-4118-8297-3253F90D9E32}.Release|Any CPU.Build.0 = Release|Any CPU
		{58C353BC-BA03-4118-8297-3253F90D9E32}.Release|x64.ActiveCfg = Release|Any CPU
		{58C353BC-BA03-4118-8297-3253F90D9E32}.Release|x64.Build.0 = Release|Any CPU
		{58C353BC-BA03-4118-8297-3253F90D9E32}.Release|x86.ActiveCfg = Release|Any CPU
		{58C353BC-BA03-4118-8297-3253F90D9E32}.Release|x86.Build.0 = Release|Any CPU
		{67FD7829-3D64-4564-B9CB-B095651DC564}.Debug|Any CPU.ActiveCfg = Debug|Any CPU
		{67FD7829-3D64-4564-B9CB-B095651DC564}.Debug|Any CPU.Build.0 = Debug|Any CPU
		{67FD7829-3D64-4564-B9CB-B095651DC564}.Debug|x64.ActiveCfg = Debug|Any CPU
		{67FD7829-3D64-4564-B9CB-B095651DC564}.Debug|x64.Build.0 = Debug|Any CPU
		{67FD7829-3D64-4564-B9CB-B095651DC564}.Debug|x86.ActiveCfg = Debug|Any CPU
		{67FD7829-3D64-4564-B9CB-B095651DC564}.Debug|x86.Build.0 = Debug|Any CPU
		{67FD7829-3D64-4564-B9CB-B095651DC564}.Release|Any CPU.ActiveCfg = Release|Any CPU
		{67FD7829-3D64-4564-B9CB-B095651DC564}.Release|Any CPU.Build.0 = Release|Any CPU
		{67FD7829-3D64-4564-B9CB-B095651DC564}.Release|x64.ActiveCfg = Release|Any CPU
		{67FD7829-3D64-4564-B9CB-B095651DC564}.Release|x64.Build.0 = Release|Any CPU
		{67FD7829-3D64-4564-B9CB-B095651DC564}.Release|x86.ActiveCfg = Release|Any CPU
		{67FD7829-3D64-4564-B9CB-B095651DC564}.Release|x86.Build.0 = Release|Any CPU
		{60AA339A-D3F8-4793-8948-697927B89A5E}.Debug|Any CPU.ActiveCfg = Debug|Any CPU
		{60AA339A-D3F8-4793-8948-697927B89A5E}.Debug|Any CPU.Build.0 = Debug|Any CPU
		{60AA339A-D3F8-4793-8948-697927B89A5E}.Debug|x64.ActiveCfg = Debug|Any CPU
		{60AA339A-D3F8-4793-8948-697927B89A5E}.Debug|x64.Build.0 = Debug|Any CPU
		{60AA339A-D3F8-4793-8948-697927B89A5E}.Debug|x86.ActiveCfg = Debug|Any CPU
		{60AA339A-D3F8-4793-8948-697927B89A5E}.Debug|x86.Build.0 = Debug|Any CPU
		{60AA339A-D3F8-4793-8948-697927B89A5E}.Release|Any CPU.ActiveCfg = Release|Any CPU
		{60AA339A-D3F8-4793-8948-697927B89A5E}.Release|Any CPU.Build.0 = Release|Any CPU
		{60AA339A-D3F8-4793-8948-697927B89A5E}.Release|x64.ActiveCfg = Release|Any CPU
		{60AA339A-D3F8-4793-8948-697927B89A5E}.Release|x64.Build.0 = Release|Any CPU
		{60AA339A-D3F8-4793-8948-697927B89A5E}.Release|x86.ActiveCfg = Release|Any CPU
		{60AA339A-D3F8-4793-8948-697927B89A5E}.Release|x86.Build.0 = Release|Any CPU
		{805BB475-5521-4336-9F45-9A68B10E12F2}.Debug|Any CPU.ActiveCfg = Debug|Any CPU
		{805BB475-5521-4336-9F45-9A68B10E12F2}.Debug|Any CPU.Build.0 = Debug|Any CPU
		{805BB475-5521-4336-9F45-9A68B10E12F2}.Debug|x64.ActiveCfg = Debug|Any CPU
		{805BB475-5521-4336-9F45-9A68B10E12F2}.Debug|x64.Build.0 = Debug|Any CPU
		{805BB475-5521-4336-9F45-9A68B10E12F2}.Debug|x86.ActiveCfg = Debug|Any CPU
		{805BB475-5521-4336-9F45-9A68B10E12F2}.Debug|x86.Build.0 = Debug|Any CPU
		{805BB475-5521-4336-9F45-9A68B10E12F2}.Release|Any CPU.ActiveCfg = Release|Any CPU
		{805BB475-5521-4336-9F45-9A68B10E12F2}.Release|Any CPU.Build.0 = Release|Any CPU
		{805BB475-5521-4336-9F45-9A68B10E12F2}.Release|x64.ActiveCfg = Release|Any CPU
		{805BB475-5521-4336-9F45-9A68B10E12F2}.Release|x64.Build.0 = Release|Any CPU
		{805BB475-5521-4336-9F45-9A68B10E12F2}.Release|x86.ActiveCfg = Release|Any CPU
		{805BB475-5521-4336-9F45-9A68B10E12F2}.Release|x86.Build.0 = Release|Any CPU
		{39096B30-5E3A-48B9-9320-9C1176AA54D1}.Debug|Any CPU.ActiveCfg = Debug|Any CPU
		{39096B30-5E3A-48B9-9320-9C1176AA54D1}.Debug|Any CPU.Build.0 = Debug|Any CPU
		{39096B30-5E3A-48B9-9320-9C1176AA54D1}.Debug|x64.ActiveCfg = Debug|x64
		{39096B30-5E3A-48B9-9320-9C1176AA54D1}.Debug|x64.Build.0 = Debug|x64
		{39096B30-5E3A-48B9-9320-9C1176AA54D1}.Debug|x86.ActiveCfg = Debug|x86
		{39096B30-5E3A-48B9-9320-9C1176AA54D1}.Debug|x86.Build.0 = Debug|x86
		{39096B30-5E3A-48B9-9320-9C1176AA54D1}.Release|Any CPU.ActiveCfg = Release|Any CPU
		{39096B30-5E3A-48B9-9320-9C1176AA54D1}.Release|Any CPU.Build.0 = Release|Any CPU
		{39096B30-5E3A-48B9-9320-9C1176AA54D1}.Release|x64.ActiveCfg = Release|x64
		{39096B30-5E3A-48B9-9320-9C1176AA54D1}.Release|x64.Build.0 = Release|x64
		{39096B30-5E3A-48B9-9320-9C1176AA54D1}.Release|x86.ActiveCfg = Release|x86
		{39096B30-5E3A-48B9-9320-9C1176AA54D1}.Release|x86.Build.0 = Release|x86
		{926AFEC8-99BB-4C0B-85C9-2B4457F7A78B}.Debug|Any CPU.ActiveCfg = Debug|Any CPU
		{926AFEC8-99BB-4C0B-85C9-2B4457F7A78B}.Debug|Any CPU.Build.0 = Debug|Any CPU
		{926AFEC8-99BB-4C0B-85C9-2B4457F7A78B}.Debug|x64.ActiveCfg = Debug|x64
		{926AFEC8-99BB-4C0B-85C9-2B4457F7A78B}.Debug|x64.Build.0 = Debug|x64
		{926AFEC8-99BB-4C0B-85C9-2B4457F7A78B}.Debug|x86.ActiveCfg = Debug|x86
		{926AFEC8-99BB-4C0B-85C9-2B4457F7A78B}.Debug|x86.Build.0 = Debug|x86
		{926AFEC8-99BB-4C0B-85C9-2B4457F7A78B}.Release|Any CPU.ActiveCfg = Release|Any CPU
		{926AFEC8-99BB-4C0B-85C9-2B4457F7A78B}.Release|Any CPU.Build.0 = Release|Any CPU
		{926AFEC8-99BB-4C0B-85C9-2B4457F7A78B}.Release|x64.ActiveCfg = Release|x64
		{926AFEC8-99BB-4C0B-85C9-2B4457F7A78B}.Release|x64.Build.0 = Release|x64
		{926AFEC8-99BB-4C0B-85C9-2B4457F7A78B}.Release|x86.ActiveCfg = Release|x86
		{926AFEC8-99BB-4C0B-85C9-2B4457F7A78B}.Release|x86.Build.0 = Release|x86
		{6A93784C-FD69-4E00-8059-7A67C15F8024}.Debug|Any CPU.ActiveCfg = Debug|Any CPU
		{6A93784C-FD69-4E00-8059-7A67C15F8024}.Debug|Any CPU.Build.0 = Debug|Any CPU
		{6A93784C-FD69-4E00-8059-7A67C15F8024}.Debug|x64.ActiveCfg = Debug|x64
		{6A93784C-FD69-4E00-8059-7A67C15F8024}.Debug|x64.Build.0 = Debug|x64
		{6A93784C-FD69-4E00-8059-7A67C15F8024}.Debug|x86.ActiveCfg = Debug|x86
		{6A93784C-FD69-4E00-8059-7A67C15F8024}.Debug|x86.Build.0 = Debug|x86
		{6A93784C-FD69-4E00-8059-7A67C15F8024}.Release|Any CPU.ActiveCfg = Release|Any CPU
		{6A93784C-FD69-4E00-8059-7A67C15F8024}.Release|Any CPU.Build.0 = Release|Any CPU
		{6A93784C-FD69-4E00-8059-7A67C15F8024}.Release|x64.ActiveCfg = Release|x64
		{6A93784C-FD69-4E00-8059-7A67C15F8024}.Release|x64.Build.0 = Release|x64
		{6A93784C-FD69-4E00-8059-7A67C15F8024}.Release|x86.ActiveCfg = Release|x86
		{6A93784C-FD69-4E00-8059-7A67C15F8024}.Release|x86.Build.0 = Release|x86
		{3440E91F-278D-4963-8992-C844AC9ADEE1}.Debug|Any CPU.ActiveCfg = Debug|Any CPU
		{3440E91F-278D-4963-8992-C844AC9ADEE1}.Debug|Any CPU.Build.0 = Debug|Any CPU
		{3440E91F-278D-4963-8992-C844AC9ADEE1}.Debug|x64.ActiveCfg = Debug|Any CPU
		{3440E91F-278D-4963-8992-C844AC9ADEE1}.Debug|x64.Build.0 = Debug|Any CPU
		{3440E91F-278D-4963-8992-C844AC9ADEE1}.Debug|x86.ActiveCfg = Debug|Any CPU
		{3440E91F-278D-4963-8992-C844AC9ADEE1}.Debug|x86.Build.0 = Debug|Any CPU
		{3440E91F-278D-4963-8992-C844AC9ADEE1}.Release|Any CPU.ActiveCfg = Release|Any CPU
		{3440E91F-278D-4963-8992-C844AC9ADEE1}.Release|Any CPU.Build.0 = Release|Any CPU
		{3440E91F-278D-4963-8992-C844AC9ADEE1}.Release|x64.ActiveCfg = Release|Any CPU
		{3440E91F-278D-4963-8992-C844AC9ADEE1}.Release|x64.Build.0 = Release|Any CPU
		{3440E91F-278D-4963-8992-C844AC9ADEE1}.Release|x86.ActiveCfg = Release|Any CPU
		{3440E91F-278D-4963-8992-C844AC9ADEE1}.Release|x86.Build.0 = Release|Any CPU
		{EEC626B7-1F0E-405B-96B9-BE27447F4D9E}.Debug|Any CPU.ActiveCfg = Debug|Any CPU
		{EEC626B7-1F0E-405B-96B9-BE27447F4D9E}.Debug|Any CPU.Build.0 = Debug|Any CPU
		{EEC626B7-1F0E-405B-96B9-BE27447F4D9E}.Debug|x64.ActiveCfg = Debug|Any CPU
		{EEC626B7-1F0E-405B-96B9-BE27447F4D9E}.Debug|x64.Build.0 = Debug|Any CPU
		{EEC626B7-1F0E-405B-96B9-BE27447F4D9E}.Debug|x86.ActiveCfg = Debug|Any CPU
		{EEC626B7-1F0E-405B-96B9-BE27447F4D9E}.Debug|x86.Build.0 = Debug|Any CPU
		{EEC626B7-1F0E-405B-96B9-BE27447F4D9E}.Release|Any CPU.ActiveCfg = Release|Any CPU
		{EEC626B7-1F0E-405B-96B9-BE27447F4D9E}.Release|Any CPU.Build.0 = Release|Any CPU
		{EEC626B7-1F0E-405B-96B9-BE27447F4D9E}.Release|x64.ActiveCfg = Release|Any CPU
		{EEC626B7-1F0E-405B-96B9-BE27447F4D9E}.Release|x64.Build.0 = Release|Any CPU
		{EEC626B7-1F0E-405B-96B9-BE27447F4D9E}.Release|x86.ActiveCfg = Release|Any CPU
		{EEC626B7-1F0E-405B-96B9-BE27447F4D9E}.Release|x86.Build.0 = Release|Any CPU
		{08BD5C78-2E4B-4726-925D-165BB93F021A}.Debug|Any CPU.ActiveCfg = Debug|Any CPU
		{08BD5C78-2E4B-4726-925D-165BB93F021A}.Debug|Any CPU.Build.0 = Debug|Any CPU
		{08BD5C78-2E4B-4726-925D-165BB93F021A}.Debug|x64.ActiveCfg = Debug|Any CPU
		{08BD5C78-2E4B-4726-925D-165BB93F021A}.Debug|x64.Build.0 = Debug|Any CPU
		{08BD5C78-2E4B-4726-925D-165BB93F021A}.Debug|x86.ActiveCfg = Debug|Any CPU
		{08BD5C78-2E4B-4726-925D-165BB93F021A}.Debug|x86.Build.0 = Debug|Any CPU
		{08BD5C78-2E4B-4726-925D-165BB93F021A}.Release|Any CPU.ActiveCfg = Release|Any CPU
		{08BD5C78-2E4B-4726-925D-165BB93F021A}.Release|Any CPU.Build.0 = Release|Any CPU
		{08BD5C78-2E4B-4726-925D-165BB93F021A}.Release|x64.ActiveCfg = Release|Any CPU
		{08BD5C78-2E4B-4726-925D-165BB93F021A}.Release|x64.Build.0 = Release|Any CPU
		{08BD5C78-2E4B-4726-925D-165BB93F021A}.Release|x86.ActiveCfg = Release|Any CPU
		{08BD5C78-2E4B-4726-925D-165BB93F021A}.Release|x86.Build.0 = Release|Any CPU
		{D67363A2-E44B-4343-981C-A7F1BD91C637}.Debug|Any CPU.ActiveCfg = Debug|Any CPU
		{D67363A2-E44B-4343-981C-A7F1BD91C637}.Debug|Any CPU.Build.0 = Debug|Any CPU
		{D67363A2-E44B-4343-981C-A7F1BD91C637}.Debug|x64.ActiveCfg = Debug|x64
		{D67363A2-E44B-4343-981C-A7F1BD91C637}.Debug|x64.Build.0 = Debug|x64
		{D67363A2-E44B-4343-981C-A7F1BD91C637}.Debug|x86.ActiveCfg = Debug|x86
		{D67363A2-E44B-4343-981C-A7F1BD91C637}.Debug|x86.Build.0 = Debug|x86
		{D67363A2-E44B-4343-981C-A7F1BD91C637}.Release|Any CPU.ActiveCfg = Release|Any CPU
		{D67363A2-E44B-4343-981C-A7F1BD91C637}.Release|Any CPU.Build.0 = Release|Any CPU
		{D67363A2-E44B-4343-981C-A7F1BD91C637}.Release|x64.ActiveCfg = Release|x64
		{D67363A2-E44B-4343-981C-A7F1BD91C637}.Release|x64.Build.0 = Release|x64
		{D67363A2-E44B-4343-981C-A7F1BD91C637}.Release|x86.ActiveCfg = Release|x86
		{D67363A2-E44B-4343-981C-A7F1BD91C637}.Release|x86.Build.0 = Release|x86
		{F1C78B67-98F1-4900-93BA-515A90608141}.Debug|Any CPU.ActiveCfg = Debug|Any CPU
		{F1C78B67-98F1-4900-93BA-515A90608141}.Debug|Any CPU.Build.0 = Debug|Any CPU
		{F1C78B67-98F1-4900-93BA-515A90608141}.Debug|x64.ActiveCfg = Debug|x64
		{F1C78B67-98F1-4900-93BA-515A90608141}.Debug|x64.Build.0 = Debug|x64
		{F1C78B67-98F1-4900-93BA-515A90608141}.Debug|x86.ActiveCfg = Debug|x86
		{F1C78B67-98F1-4900-93BA-515A90608141}.Debug|x86.Build.0 = Debug|x86
		{F1C78B67-98F1-4900-93BA-515A90608141}.Release|Any CPU.ActiveCfg = Release|Any CPU
		{F1C78B67-98F1-4900-93BA-515A90608141}.Release|Any CPU.Build.0 = Release|Any CPU
		{F1C78B67-98F1-4900-93BA-515A90608141}.Release|x64.ActiveCfg = Release|x64
		{F1C78B67-98F1-4900-93BA-515A90608141}.Release|x64.Build.0 = Release|x64
		{F1C78B67-98F1-4900-93BA-515A90608141}.Release|x86.ActiveCfg = Release|x86
		{F1C78B67-98F1-4900-93BA-515A90608141}.Release|x86.Build.0 = Release|x86
		{9F34A302-076D-4058-A2AD-558EECEB2BC9}.Debug|Any CPU.ActiveCfg = Debug|Any CPU
		{9F34A302-076D-4058-A2AD-558EECEB2BC9}.Debug|Any CPU.Build.0 = Debug|Any CPU
		{9F34A302-076D-4058-A2AD-558EECEB2BC9}.Debug|x64.ActiveCfg = Debug|x64
		{9F34A302-076D-4058-A2AD-558EECEB2BC9}.Debug|x64.Build.0 = Debug|x64
		{9F34A302-076D-4058-A2AD-558EECEB2BC9}.Debug|x86.ActiveCfg = Debug|x86
		{9F34A302-076D-4058-A2AD-558EECEB2BC9}.Debug|x86.Build.0 = Debug|x86
		{9F34A302-076D-4058-A2AD-558EECEB2BC9}.Release|Any CPU.ActiveCfg = Release|Any CPU
		{9F34A302-076D-4058-A2AD-558EECEB2BC9}.Release|Any CPU.Build.0 = Release|Any CPU
		{9F34A302-076D-4058-A2AD-558EECEB2BC9}.Release|x64.ActiveCfg = Release|x64
		{9F34A302-076D-4058-A2AD-558EECEB2BC9}.Release|x64.Build.0 = Release|x64
		{9F34A302-076D-4058-A2AD-558EECEB2BC9}.Release|x86.ActiveCfg = Release|x86
		{9F34A302-076D-4058-A2AD-558EECEB2BC9}.Release|x86.Build.0 = Release|x86
		{9041EFE3-E35F-45CD-8B26-BD05D187BA66}.Debug|Any CPU.ActiveCfg = Debug|Any CPU
		{9041EFE3-E35F-45CD-8B26-BD05D187BA66}.Debug|Any CPU.Build.0 = Debug|Any CPU
		{9041EFE3-E35F-45CD-8B26-BD05D187BA66}.Debug|x64.ActiveCfg = Debug|x64
		{9041EFE3-E35F-45CD-8B26-BD05D187BA66}.Debug|x64.Build.0 = Debug|x64
		{9041EFE3-E35F-45CD-8B26-BD05D187BA66}.Debug|x86.ActiveCfg = Debug|x86
		{9041EFE3-E35F-45CD-8B26-BD05D187BA66}.Debug|x86.Build.0 = Debug|x86
		{9041EFE3-E35F-45CD-8B26-BD05D187BA66}.Release|Any CPU.ActiveCfg = Release|Any CPU
		{9041EFE3-E35F-45CD-8B26-BD05D187BA66}.Release|Any CPU.Build.0 = Release|Any CPU
		{9041EFE3-E35F-45CD-8B26-BD05D187BA66}.Release|x64.ActiveCfg = Release|x64
		{9041EFE3-E35F-45CD-8B26-BD05D187BA66}.Release|x64.Build.0 = Release|x64
		{9041EFE3-E35F-45CD-8B26-BD05D187BA66}.Release|x86.ActiveCfg = Release|x86
		{9041EFE3-E35F-45CD-8B26-BD05D187BA66}.Release|x86.Build.0 = Release|x86
		{47A07688-1499-4823-902A-98BC07077B05}.Debug|Any CPU.ActiveCfg = Debug|Any CPU
		{47A07688-1499-4823-902A-98BC07077B05}.Debug|Any CPU.Build.0 = Debug|Any CPU
		{47A07688-1499-4823-902A-98BC07077B05}.Debug|x64.ActiveCfg = Debug|x64
		{47A07688-1499-4823-902A-98BC07077B05}.Debug|x64.Build.0 = Debug|x64
		{47A07688-1499-4823-902A-98BC07077B05}.Debug|x86.ActiveCfg = Debug|x86
		{47A07688-1499-4823-902A-98BC07077B05}.Debug|x86.Build.0 = Debug|x86
		{47A07688-1499-4823-902A-98BC07077B05}.Release|Any CPU.ActiveCfg = Release|Any CPU
		{47A07688-1499-4823-902A-98BC07077B05}.Release|Any CPU.Build.0 = Release|Any CPU
		{47A07688-1499-4823-902A-98BC07077B05}.Release|x64.ActiveCfg = Release|x64
		{47A07688-1499-4823-902A-98BC07077B05}.Release|x64.Build.0 = Release|x64
		{47A07688-1499-4823-902A-98BC07077B05}.Release|x86.ActiveCfg = Release|x86
		{47A07688-1499-4823-902A-98BC07077B05}.Release|x86.Build.0 = Release|x86
		{0D95192B-7884-4762-9777-0B7C030A02CE}.Debug|Any CPU.ActiveCfg = Debug|Any CPU
		{0D95192B-7884-4762-9777-0B7C030A02CE}.Debug|Any CPU.Build.0 = Debug|Any CPU
		{0D95192B-7884-4762-9777-0B7C030A02CE}.Debug|x64.ActiveCfg = Debug|x64
		{0D95192B-7884-4762-9777-0B7C030A02CE}.Debug|x64.Build.0 = Debug|x64
		{0D95192B-7884-4762-9777-0B7C030A02CE}.Debug|x86.ActiveCfg = Debug|x86
		{0D95192B-7884-4762-9777-0B7C030A02CE}.Debug|x86.Build.0 = Debug|x86
		{0D95192B-7884-4762-9777-0B7C030A02CE}.Release|Any CPU.ActiveCfg = Release|Any CPU
		{0D95192B-7884-4762-9777-0B7C030A02CE}.Release|Any CPU.Build.0 = Release|Any CPU
		{0D95192B-7884-4762-9777-0B7C030A02CE}.Release|x64.ActiveCfg = Release|x64
		{0D95192B-7884-4762-9777-0B7C030A02CE}.Release|x64.Build.0 = Release|x64
		{0D95192B-7884-4762-9777-0B7C030A02CE}.Release|x86.ActiveCfg = Release|x86
		{0D95192B-7884-4762-9777-0B7C030A02CE}.Release|x86.Build.0 = Release|x86
		{1255D16B-B9CC-4647-A567-C6ABCA1E166E}.Debug|Any CPU.ActiveCfg = Debug|Any CPU
		{1255D16B-B9CC-4647-A567-C6ABCA1E166E}.Debug|Any CPU.Build.0 = Debug|Any CPU
		{1255D16B-B9CC-4647-A567-C6ABCA1E166E}.Debug|x64.ActiveCfg = Debug|x64
		{1255D16B-B9CC-4647-A567-C6ABCA1E166E}.Debug|x64.Build.0 = Debug|x64
		{1255D16B-B9CC-4647-A567-C6ABCA1E166E}.Debug|x86.ActiveCfg = Debug|x86
		{1255D16B-B9CC-4647-A567-C6ABCA1E166E}.Debug|x86.Build.0 = Debug|x86
		{1255D16B-B9CC-4647-A567-C6ABCA1E166E}.Release|Any CPU.ActiveCfg = Release|Any CPU
		{1255D16B-B9CC-4647-A567-C6ABCA1E166E}.Release|Any CPU.Build.0 = Release|Any CPU
		{1255D16B-B9CC-4647-A567-C6ABCA1E166E}.Release|x64.ActiveCfg = Release|x64
		{1255D16B-B9CC-4647-A567-C6ABCA1E166E}.Release|x64.Build.0 = Release|x64
		{1255D16B-B9CC-4647-A567-C6ABCA1E166E}.Release|x86.ActiveCfg = Release|x86
		{1255D16B-B9CC-4647-A567-C6ABCA1E166E}.Release|x86.Build.0 = Release|x86
		{16649839-FA22-438C-B554-5AC585BE749E}.Debug|Any CPU.ActiveCfg = Debug|Any CPU
		{16649839-FA22-438C-B554-5AC585BE749E}.Debug|Any CPU.Build.0 = Debug|Any CPU
		{16649839-FA22-438C-B554-5AC585BE749E}.Debug|x64.ActiveCfg = Debug|x64
		{16649839-FA22-438C-B554-5AC585BE749E}.Debug|x64.Build.0 = Debug|x64
		{16649839-FA22-438C-B554-5AC585BE749E}.Debug|x86.ActiveCfg = Debug|x86
		{16649839-FA22-438C-B554-5AC585BE749E}.Debug|x86.Build.0 = Debug|x86
		{16649839-FA22-438C-B554-5AC585BE749E}.Release|Any CPU.ActiveCfg = Release|Any CPU
		{16649839-FA22-438C-B554-5AC585BE749E}.Release|Any CPU.Build.0 = Release|Any CPU
		{16649839-FA22-438C-B554-5AC585BE749E}.Release|x64.ActiveCfg = Release|x64
		{16649839-FA22-438C-B554-5AC585BE749E}.Release|x64.Build.0 = Release|x64
		{16649839-FA22-438C-B554-5AC585BE749E}.Release|x86.ActiveCfg = Release|x86
		{16649839-FA22-438C-B554-5AC585BE749E}.Release|x86.Build.0 = Release|x86
		{2280A17E-2C01-407F-87FC-2AC59C760CC4}.Debug|Any CPU.ActiveCfg = Debug|Any CPU
		{2280A17E-2C01-407F-87FC-2AC59C760CC4}.Debug|Any CPU.Build.0 = Debug|Any CPU
		{2280A17E-2C01-407F-87FC-2AC59C760CC4}.Debug|x64.ActiveCfg = Debug|x64
		{2280A17E-2C01-407F-87FC-2AC59C760CC4}.Debug|x64.Build.0 = Debug|x64
		{2280A17E-2C01-407F-87FC-2AC59C760CC4}.Debug|x86.ActiveCfg = Debug|x86
		{2280A17E-2C01-407F-87FC-2AC59C760CC4}.Debug|x86.Build.0 = Debug|x86
		{2280A17E-2C01-407F-87FC-2AC59C760CC4}.Release|Any CPU.ActiveCfg = Release|Any CPU
		{2280A17E-2C01-407F-87FC-2AC59C760CC4}.Release|Any CPU.Build.0 = Release|Any CPU
		{2280A17E-2C01-407F-87FC-2AC59C760CC4}.Release|x64.ActiveCfg = Release|x64
		{2280A17E-2C01-407F-87FC-2AC59C760CC4}.Release|x64.Build.0 = Release|x64
		{2280A17E-2C01-407F-87FC-2AC59C760CC4}.Release|x86.ActiveCfg = Release|x86
		{2280A17E-2C01-407F-87FC-2AC59C760CC4}.Release|x86.Build.0 = Release|x86
		{74ED711C-8F0A-4C78-9B96-FC8EAAA1E2BD}.Debug|Any CPU.ActiveCfg = Debug|Any CPU
		{74ED711C-8F0A-4C78-9B96-FC8EAAA1E2BD}.Debug|Any CPU.Build.0 = Debug|Any CPU
		{74ED711C-8F0A-4C78-9B96-FC8EAAA1E2BD}.Debug|x64.ActiveCfg = Debug|x64
		{74ED711C-8F0A-4C78-9B96-FC8EAAA1E2BD}.Debug|x64.Build.0 = Debug|x64
		{74ED711C-8F0A-4C78-9B96-FC8EAAA1E2BD}.Debug|x86.ActiveCfg = Debug|x86
		{74ED711C-8F0A-4C78-9B96-FC8EAAA1E2BD}.Debug|x86.Build.0 = Debug|x86
		{74ED711C-8F0A-4C78-9B96-FC8EAAA1E2BD}.Release|Any CPU.ActiveCfg = Release|Any CPU
		{74ED711C-8F0A-4C78-9B96-FC8EAAA1E2BD}.Release|Any CPU.Build.0 = Release|Any CPU
		{74ED711C-8F0A-4C78-9B96-FC8EAAA1E2BD}.Release|x64.ActiveCfg = Release|x64
		{74ED711C-8F0A-4C78-9B96-FC8EAAA1E2BD}.Release|x64.Build.0 = Release|x64
		{74ED711C-8F0A-4C78-9B96-FC8EAAA1E2BD}.Release|x86.ActiveCfg = Release|x86
		{74ED711C-8F0A-4C78-9B96-FC8EAAA1E2BD}.Release|x86.Build.0 = Release|x86
		{2A41F4AE-40D5-4EA9-BAE6-C1903D704480}.Debug|Any CPU.ActiveCfg = Debug|Any CPU
		{2A41F4AE-40D5-4EA9-BAE6-C1903D704480}.Debug|Any CPU.Build.0 = Debug|Any CPU
		{2A41F4AE-40D5-4EA9-BAE6-C1903D704480}.Debug|x64.ActiveCfg = Debug|Any CPU
		{2A41F4AE-40D5-4EA9-BAE6-C1903D704480}.Debug|x64.Build.0 = Debug|Any CPU
		{2A41F4AE-40D5-4EA9-BAE6-C1903D704480}.Debug|x86.ActiveCfg = Debug|Any CPU
		{2A41F4AE-40D5-4EA9-BAE6-C1903D704480}.Debug|x86.Build.0 = Debug|Any CPU
		{2A41F4AE-40D5-4EA9-BAE6-C1903D704480}.Release|Any CPU.ActiveCfg = Release|Any CPU
		{2A41F4AE-40D5-4EA9-BAE6-C1903D704480}.Release|Any CPU.Build.0 = Release|Any CPU
		{2A41F4AE-40D5-4EA9-BAE6-C1903D704480}.Release|x64.ActiveCfg = Release|Any CPU
		{2A41F4AE-40D5-4EA9-BAE6-C1903D704480}.Release|x64.Build.0 = Release|Any CPU
		{2A41F4AE-40D5-4EA9-BAE6-C1903D704480}.Release|x86.ActiveCfg = Release|Any CPU
		{2A41F4AE-40D5-4EA9-BAE6-C1903D704480}.Release|x86.Build.0 = Release|Any CPU
		{10F44B14-51DD-47C3-B07B-7853192780D6}.Debug|Any CPU.ActiveCfg = Debug|Any CPU
		{10F44B14-51DD-47C3-B07B-7853192780D6}.Debug|Any CPU.Build.0 = Debug|Any CPU
		{10F44B14-51DD-47C3-B07B-7853192780D6}.Debug|x64.ActiveCfg = Debug|Any CPU
		{10F44B14-51DD-47C3-B07B-7853192780D6}.Debug|x64.Build.0 = Debug|Any CPU
		{10F44B14-51DD-47C3-B07B-7853192780D6}.Debug|x86.ActiveCfg = Debug|Any CPU
		{10F44B14-51DD-47C3-B07B-7853192780D6}.Debug|x86.Build.0 = Debug|Any CPU
		{10F44B14-51DD-47C3-B07B-7853192780D6}.Release|Any CPU.ActiveCfg = Release|Any CPU
		{10F44B14-51DD-47C3-B07B-7853192780D6}.Release|Any CPU.Build.0 = Release|Any CPU
		{10F44B14-51DD-47C3-B07B-7853192780D6}.Release|x64.ActiveCfg = Release|Any CPU
		{10F44B14-51DD-47C3-B07B-7853192780D6}.Release|x64.Build.0 = Release|Any CPU
		{10F44B14-51DD-47C3-B07B-7853192780D6}.Release|x86.ActiveCfg = Release|Any CPU
		{10F44B14-51DD-47C3-B07B-7853192780D6}.Release|x86.Build.0 = Release|Any CPU
		{873168C9-66FA-421F-9449-38DD8BC4A5A1}.Debug|Any CPU.ActiveCfg = Debug|Any CPU
		{873168C9-66FA-421F-9449-38DD8BC4A5A1}.Debug|Any CPU.Build.0 = Debug|Any CPU
		{873168C9-66FA-421F-9449-38DD8BC4A5A1}.Debug|x64.ActiveCfg = Debug|Any CPU
		{873168C9-66FA-421F-9449-38DD8BC4A5A1}.Debug|x64.Build.0 = Debug|Any CPU
		{873168C9-66FA-421F-9449-38DD8BC4A5A1}.Debug|x86.ActiveCfg = Debug|Any CPU
		{873168C9-66FA-421F-9449-38DD8BC4A5A1}.Debug|x86.Build.0 = Debug|Any CPU
		{873168C9-66FA-421F-9449-38DD8BC4A5A1}.Release|Any CPU.ActiveCfg = Release|Any CPU
		{873168C9-66FA-421F-9449-38DD8BC4A5A1}.Release|Any CPU.Build.0 = Release|Any CPU
		{873168C9-66FA-421F-9449-38DD8BC4A5A1}.Release|x64.ActiveCfg = Release|Any CPU
		{873168C9-66FA-421F-9449-38DD8BC4A5A1}.Release|x64.Build.0 = Release|Any CPU
		{873168C9-66FA-421F-9449-38DD8BC4A5A1}.Release|x86.ActiveCfg = Release|Any CPU
		{873168C9-66FA-421F-9449-38DD8BC4A5A1}.Release|x86.Build.0 = Release|Any CPU
		{26A13359-C7EE-4453-BA6A-8880784B7180}.Debug|Any CPU.ActiveCfg = Debug|Any CPU
		{26A13359-C7EE-4453-BA6A-8880784B7180}.Debug|Any CPU.Build.0 = Debug|Any CPU
		{26A13359-C7EE-4453-BA6A-8880784B7180}.Debug|x64.ActiveCfg = Debug|x64
		{26A13359-C7EE-4453-BA6A-8880784B7180}.Debug|x64.Build.0 = Debug|x64
		{26A13359-C7EE-4453-BA6A-8880784B7180}.Debug|x86.ActiveCfg = Debug|x86
		{26A13359-C7EE-4453-BA6A-8880784B7180}.Debug|x86.Build.0 = Debug|x86
		{26A13359-C7EE-4453-BA6A-8880784B7180}.Release|Any CPU.ActiveCfg = Release|Any CPU
		{26A13359-C7EE-4453-BA6A-8880784B7180}.Release|Any CPU.Build.0 = Release|Any CPU
		{26A13359-C7EE-4453-BA6A-8880784B7180}.Release|x64.ActiveCfg = Release|x64
		{26A13359-C7EE-4453-BA6A-8880784B7180}.Release|x64.Build.0 = Release|x64
		{26A13359-C7EE-4453-BA6A-8880784B7180}.Release|x86.ActiveCfg = Release|x86
		{26A13359-C7EE-4453-BA6A-8880784B7180}.Release|x86.Build.0 = Release|x86
		{90C222DC-D8DA-4714-8654-7AF09838748D}.Debug|Any CPU.ActiveCfg = Debug|Any CPU
		{90C222DC-D8DA-4714-8654-7AF09838748D}.Debug|Any CPU.Build.0 = Debug|Any CPU
		{90C222DC-D8DA-4714-8654-7AF09838748D}.Debug|x64.ActiveCfg = Debug|x64
		{90C222DC-D8DA-4714-8654-7AF09838748D}.Debug|x64.Build.0 = Debug|x64
		{90C222DC-D8DA-4714-8654-7AF09838748D}.Debug|x86.ActiveCfg = Debug|x86
		{90C222DC-D8DA-4714-8654-7AF09838748D}.Debug|x86.Build.0 = Debug|x86
		{90C222DC-D8DA-4714-8654-7AF09838748D}.Release|Any CPU.ActiveCfg = Release|Any CPU
		{90C222DC-D8DA-4714-8654-7AF09838748D}.Release|Any CPU.Build.0 = Release|Any CPU
		{90C222DC-D8DA-4714-8654-7AF09838748D}.Release|x64.ActiveCfg = Release|x64
		{90C222DC-D8DA-4714-8654-7AF09838748D}.Release|x64.Build.0 = Release|x64
		{90C222DC-D8DA-4714-8654-7AF09838748D}.Release|x86.ActiveCfg = Release|x86
		{90C222DC-D8DA-4714-8654-7AF09838748D}.Release|x86.Build.0 = Release|x86
		{D6DC946D-2E8A-4537-970E-F7065416F6B4}.Debug|Any CPU.ActiveCfg = Debug|Any CPU
		{D6DC946D-2E8A-4537-970E-F7065416F6B4}.Debug|Any CPU.Build.0 = Debug|Any CPU
		{D6DC946D-2E8A-4537-970E-F7065416F6B4}.Debug|x64.ActiveCfg = Debug|x64
		{D6DC946D-2E8A-4537-970E-F7065416F6B4}.Debug|x64.Build.0 = Debug|x64
		{D6DC946D-2E8A-4537-970E-F7065416F6B4}.Debug|x86.ActiveCfg = Debug|x86
		{D6DC946D-2E8A-4537-970E-F7065416F6B4}.Debug|x86.Build.0 = Debug|x86
		{D6DC946D-2E8A-4537-970E-F7065416F6B4}.Release|Any CPU.ActiveCfg = Release|Any CPU
		{D6DC946D-2E8A-4537-970E-F7065416F6B4}.Release|Any CPU.Build.0 = Release|Any CPU
		{D6DC946D-2E8A-4537-970E-F7065416F6B4}.Release|x64.ActiveCfg = Release|x64
		{D6DC946D-2E8A-4537-970E-F7065416F6B4}.Release|x64.Build.0 = Release|x64
		{D6DC946D-2E8A-4537-970E-F7065416F6B4}.Release|x86.ActiveCfg = Release|x86
		{D6DC946D-2E8A-4537-970E-F7065416F6B4}.Release|x86.Build.0 = Release|x86
		{3894BD83-CF9C-4FD3-8DFB-EEB545188C19}.Debug|Any CPU.ActiveCfg = Debug|Any CPU
		{3894BD83-CF9C-4FD3-8DFB-EEB545188C19}.Debug|Any CPU.Build.0 = Debug|Any CPU
		{3894BD83-CF9C-4FD3-8DFB-EEB545188C19}.Debug|x64.ActiveCfg = Debug|x64
		{3894BD83-CF9C-4FD3-8DFB-EEB545188C19}.Debug|x64.Build.0 = Debug|x64
		{3894BD83-CF9C-4FD3-8DFB-EEB545188C19}.Debug|x86.ActiveCfg = Debug|x86
		{3894BD83-CF9C-4FD3-8DFB-EEB545188C19}.Debug|x86.Build.0 = Debug|x86
		{3894BD83-CF9C-4FD3-8DFB-EEB545188C19}.Release|Any CPU.ActiveCfg = Release|Any CPU
		{3894BD83-CF9C-4FD3-8DFB-EEB545188C19}.Release|Any CPU.Build.0 = Release|Any CPU
		{3894BD83-CF9C-4FD3-8DFB-EEB545188C19}.Release|x64.ActiveCfg = Release|x64
		{3894BD83-CF9C-4FD3-8DFB-EEB545188C19}.Release|x64.Build.0 = Release|x64
		{3894BD83-CF9C-4FD3-8DFB-EEB545188C19}.Release|x86.ActiveCfg = Release|x86
		{3894BD83-CF9C-4FD3-8DFB-EEB545188C19}.Release|x86.Build.0 = Release|x86
		{718B42DA-F5B8-4C3C-96A8-3D5216FBE3E2}.Debug|Any CPU.ActiveCfg = Debug|Any CPU
		{718B42DA-F5B8-4C3C-96A8-3D5216FBE3E2}.Debug|Any CPU.Build.0 = Debug|Any CPU
		{718B42DA-F5B8-4C3C-96A8-3D5216FBE3E2}.Debug|x64.ActiveCfg = Debug|Any CPU
		{718B42DA-F5B8-4C3C-96A8-3D5216FBE3E2}.Debug|x64.Build.0 = Debug|Any CPU
		{718B42DA-F5B8-4C3C-96A8-3D5216FBE3E2}.Debug|x86.ActiveCfg = Debug|Any CPU
		{718B42DA-F5B8-4C3C-96A8-3D5216FBE3E2}.Debug|x86.Build.0 = Debug|Any CPU
		{718B42DA-F5B8-4C3C-96A8-3D5216FBE3E2}.Release|Any CPU.ActiveCfg = Release|Any CPU
		{718B42DA-F5B8-4C3C-96A8-3D5216FBE3E2}.Release|Any CPU.Build.0 = Release|Any CPU
		{718B42DA-F5B8-4C3C-96A8-3D5216FBE3E2}.Release|x64.ActiveCfg = Release|Any CPU
		{718B42DA-F5B8-4C3C-96A8-3D5216FBE3E2}.Release|x64.Build.0 = Release|Any CPU
		{718B42DA-F5B8-4C3C-96A8-3D5216FBE3E2}.Release|x86.ActiveCfg = Release|Any CPU
		{718B42DA-F5B8-4C3C-96A8-3D5216FBE3E2}.Release|x86.Build.0 = Release|Any CPU
		{D6271A8D-E8DD-4026-BC6F-C9AE6D1BCE1C}.Debug|Any CPU.ActiveCfg = Debug|Any CPU
		{D6271A8D-E8DD-4026-BC6F-C9AE6D1BCE1C}.Debug|Any CPU.Build.0 = Debug|Any CPU
		{D6271A8D-E8DD-4026-BC6F-C9AE6D1BCE1C}.Debug|x64.ActiveCfg = Debug|Any CPU
		{D6271A8D-E8DD-4026-BC6F-C9AE6D1BCE1C}.Debug|x64.Build.0 = Debug|Any CPU
		{D6271A8D-E8DD-4026-BC6F-C9AE6D1BCE1C}.Debug|x86.ActiveCfg = Debug|Any CPU
		{D6271A8D-E8DD-4026-BC6F-C9AE6D1BCE1C}.Debug|x86.Build.0 = Debug|Any CPU
		{D6271A8D-E8DD-4026-BC6F-C9AE6D1BCE1C}.Release|Any CPU.ActiveCfg = Release|Any CPU
		{D6271A8D-E8DD-4026-BC6F-C9AE6D1BCE1C}.Release|Any CPU.Build.0 = Release|Any CPU
		{D6271A8D-E8DD-4026-BC6F-C9AE6D1BCE1C}.Release|x64.ActiveCfg = Release|Any CPU
		{D6271A8D-E8DD-4026-BC6F-C9AE6D1BCE1C}.Release|x64.Build.0 = Release|Any CPU
		{D6271A8D-E8DD-4026-BC6F-C9AE6D1BCE1C}.Release|x86.ActiveCfg = Release|Any CPU
		{D6271A8D-E8DD-4026-BC6F-C9AE6D1BCE1C}.Release|x86.Build.0 = Release|Any CPU
		{B9749F1B-2CED-4332-817D-4E9FC5494ADC}.Debug|Any CPU.ActiveCfg = Debug|Any CPU
		{B9749F1B-2CED-4332-817D-4E9FC5494ADC}.Debug|Any CPU.Build.0 = Debug|Any CPU
		{B9749F1B-2CED-4332-817D-4E9FC5494ADC}.Debug|x64.ActiveCfg = Debug|x64
		{B9749F1B-2CED-4332-817D-4E9FC5494ADC}.Debug|x64.Build.0 = Debug|x64
		{B9749F1B-2CED-4332-817D-4E9FC5494ADC}.Debug|x86.ActiveCfg = Debug|x86
		{B9749F1B-2CED-4332-817D-4E9FC5494ADC}.Debug|x86.Build.0 = Debug|x86
		{B9749F1B-2CED-4332-817D-4E9FC5494ADC}.Release|Any CPU.ActiveCfg = Release|Any CPU
		{B9749F1B-2CED-4332-817D-4E9FC5494ADC}.Release|Any CPU.Build.0 = Release|Any CPU
		{B9749F1B-2CED-4332-817D-4E9FC5494ADC}.Release|x64.ActiveCfg = Release|x64
		{B9749F1B-2CED-4332-817D-4E9FC5494ADC}.Release|x64.Build.0 = Release|x64
		{B9749F1B-2CED-4332-817D-4E9FC5494ADC}.Release|x86.ActiveCfg = Release|x86
		{B9749F1B-2CED-4332-817D-4E9FC5494ADC}.Release|x86.Build.0 = Release|x86
		{B54FDFC9-1995-4E90-83A5-33F1411B775A}.Debug|Any CPU.ActiveCfg = Debug|Any CPU
		{B54FDFC9-1995-4E90-83A5-33F1411B775A}.Debug|Any CPU.Build.0 = Debug|Any CPU
		{B54FDFC9-1995-4E90-83A5-33F1411B775A}.Debug|x64.ActiveCfg = Debug|x64
		{B54FDFC9-1995-4E90-83A5-33F1411B775A}.Debug|x64.Build.0 = Debug|x64
		{B54FDFC9-1995-4E90-83A5-33F1411B775A}.Debug|x86.ActiveCfg = Debug|x86
		{B54FDFC9-1995-4E90-83A5-33F1411B775A}.Debug|x86.Build.0 = Debug|x86
		{B54FDFC9-1995-4E90-83A5-33F1411B775A}.Release|Any CPU.ActiveCfg = Release|Any CPU
		{B54FDFC9-1995-4E90-83A5-33F1411B775A}.Release|Any CPU.Build.0 = Release|Any CPU
		{B54FDFC9-1995-4E90-83A5-33F1411B775A}.Release|x64.ActiveCfg = Release|x64
		{B54FDFC9-1995-4E90-83A5-33F1411B775A}.Release|x64.Build.0 = Release|x64
		{B54FDFC9-1995-4E90-83A5-33F1411B775A}.Release|x86.ActiveCfg = Release|x86
		{B54FDFC9-1995-4E90-83A5-33F1411B775A}.Release|x86.Build.0 = Release|x86
		{E19E229B-F10D-471F-9D88-A7C905DEAE5D}.Debug|Any CPU.ActiveCfg = Debug|Any CPU
		{E19E229B-F10D-471F-9D88-A7C905DEAE5D}.Debug|Any CPU.Build.0 = Debug|Any CPU
		{E19E229B-F10D-471F-9D88-A7C905DEAE5D}.Debug|x64.ActiveCfg = Debug|x64
		{E19E229B-F10D-471F-9D88-A7C905DEAE5D}.Debug|x64.Build.0 = Debug|x64
		{E19E229B-F10D-471F-9D88-A7C905DEAE5D}.Debug|x86.ActiveCfg = Debug|x86
		{E19E229B-F10D-471F-9D88-A7C905DEAE5D}.Debug|x86.Build.0 = Debug|x86
		{E19E229B-F10D-471F-9D88-A7C905DEAE5D}.Release|Any CPU.ActiveCfg = Release|Any CPU
		{E19E229B-F10D-471F-9D88-A7C905DEAE5D}.Release|Any CPU.Build.0 = Release|Any CPU
		{E19E229B-F10D-471F-9D88-A7C905DEAE5D}.Release|x64.ActiveCfg = Release|x64
		{E19E229B-F10D-471F-9D88-A7C905DEAE5D}.Release|x64.Build.0 = Release|x64
		{E19E229B-F10D-471F-9D88-A7C905DEAE5D}.Release|x86.ActiveCfg = Release|x86
		{E19E229B-F10D-471F-9D88-A7C905DEAE5D}.Release|x86.Build.0 = Release|x86
		{00A8B4A2-E43A-46FA-A204-D26B56D36E9A}.Debug|Any CPU.ActiveCfg = Debug|Any CPU
		{00A8B4A2-E43A-46FA-A204-D26B56D36E9A}.Debug|Any CPU.Build.0 = Debug|Any CPU
		{00A8B4A2-E43A-46FA-A204-D26B56D36E9A}.Debug|x64.ActiveCfg = Debug|x64
		{00A8B4A2-E43A-46FA-A204-D26B56D36E9A}.Debug|x64.Build.0 = Debug|x64
		{00A8B4A2-E43A-46FA-A204-D26B56D36E9A}.Debug|x86.ActiveCfg = Debug|x86
		{00A8B4A2-E43A-46FA-A204-D26B56D36E9A}.Debug|x86.Build.0 = Debug|x86
		{00A8B4A2-E43A-46FA-A204-D26B56D36E9A}.Release|Any CPU.ActiveCfg = Release|Any CPU
		{00A8B4A2-E43A-46FA-A204-D26B56D36E9A}.Release|Any CPU.Build.0 = Release|Any CPU
		{00A8B4A2-E43A-46FA-A204-D26B56D36E9A}.Release|x64.ActiveCfg = Release|x64
		{00A8B4A2-E43A-46FA-A204-D26B56D36E9A}.Release|x64.Build.0 = Release|x64
		{00A8B4A2-E43A-46FA-A204-D26B56D36E9A}.Release|x86.ActiveCfg = Release|x86
		{00A8B4A2-E43A-46FA-A204-D26B56D36E9A}.Release|x86.Build.0 = Release|x86
		{DA92BFA6-105C-41A8-A8DD-4D2FE8E97636}.Debug|Any CPU.ActiveCfg = Debug|Any CPU
		{DA92BFA6-105C-41A8-A8DD-4D2FE8E97636}.Debug|Any CPU.Build.0 = Debug|Any CPU
		{DA92BFA6-105C-41A8-A8DD-4D2FE8E97636}.Debug|x64.ActiveCfg = Debug|x64
		{DA92BFA6-105C-41A8-A8DD-4D2FE8E97636}.Debug|x64.Build.0 = Debug|x64
		{DA92BFA6-105C-41A8-A8DD-4D2FE8E97636}.Debug|x86.ActiveCfg = Debug|x86
		{DA92BFA6-105C-41A8-A8DD-4D2FE8E97636}.Debug|x86.Build.0 = Debug|x86
		{DA92BFA6-105C-41A8-A8DD-4D2FE8E97636}.Release|Any CPU.ActiveCfg = Release|Any CPU
		{DA92BFA6-105C-41A8-A8DD-4D2FE8E97636}.Release|Any CPU.Build.0 = Release|Any CPU
		{DA92BFA6-105C-41A8-A8DD-4D2FE8E97636}.Release|x64.ActiveCfg = Release|x64
		{DA92BFA6-105C-41A8-A8DD-4D2FE8E97636}.Release|x64.Build.0 = Release|x64
		{DA92BFA6-105C-41A8-A8DD-4D2FE8E97636}.Release|x86.ActiveCfg = Release|x86
		{DA92BFA6-105C-41A8-A8DD-4D2FE8E97636}.Release|x86.Build.0 = Release|x86
		{F8D2490B-BA3E-41E5-A644-6767D7545E16}.Debug|Any CPU.ActiveCfg = Debug|Any CPU
		{F8D2490B-BA3E-41E5-A644-6767D7545E16}.Debug|Any CPU.Build.0 = Debug|Any CPU
		{F8D2490B-BA3E-41E5-A644-6767D7545E16}.Debug|x64.ActiveCfg = Debug|x64
		{F8D2490B-BA3E-41E5-A644-6767D7545E16}.Debug|x64.Build.0 = Debug|x64
		{F8D2490B-BA3E-41E5-A644-6767D7545E16}.Debug|x86.ActiveCfg = Debug|x86
		{F8D2490B-BA3E-41E5-A644-6767D7545E16}.Debug|x86.Build.0 = Debug|x86
		{F8D2490B-BA3E-41E5-A644-6767D7545E16}.Release|Any CPU.ActiveCfg = Release|Any CPU
		{F8D2490B-BA3E-41E5-A644-6767D7545E16}.Release|Any CPU.Build.0 = Release|Any CPU
		{F8D2490B-BA3E-41E5-A644-6767D7545E16}.Release|x64.ActiveCfg = Release|x64
		{F8D2490B-BA3E-41E5-A644-6767D7545E16}.Release|x64.Build.0 = Release|x64
		{F8D2490B-BA3E-41E5-A644-6767D7545E16}.Release|x86.ActiveCfg = Release|x86
		{F8D2490B-BA3E-41E5-A644-6767D7545E16}.Release|x86.Build.0 = Release|x86
		{CB804390-1CC7-4926-9644-7B21D21BB006}.Debug|Any CPU.ActiveCfg = Debug|Any CPU
		{CB804390-1CC7-4926-9644-7B21D21BB006}.Debug|Any CPU.Build.0 = Debug|Any CPU
		{CB804390-1CC7-4926-9644-7B21D21BB006}.Debug|x64.ActiveCfg = Debug|x64
		{CB804390-1CC7-4926-9644-7B21D21BB006}.Debug|x64.Build.0 = Debug|x64
		{CB804390-1CC7-4926-9644-7B21D21BB006}.Debug|x86.ActiveCfg = Debug|x86
		{CB804390-1CC7-4926-9644-7B21D21BB006}.Debug|x86.Build.0 = Debug|x86
		{CB804390-1CC7-4926-9644-7B21D21BB006}.Release|Any CPU.ActiveCfg = Release|Any CPU
		{CB804390-1CC7-4926-9644-7B21D21BB006}.Release|Any CPU.Build.0 = Release|Any CPU
		{CB804390-1CC7-4926-9644-7B21D21BB006}.Release|x64.ActiveCfg = Release|x64
		{CB804390-1CC7-4926-9644-7B21D21BB006}.Release|x64.Build.0 = Release|x64
		{CB804390-1CC7-4926-9644-7B21D21BB006}.Release|x86.ActiveCfg = Release|x86
		{CB804390-1CC7-4926-9644-7B21D21BB006}.Release|x86.Build.0 = Release|x86
		{286B5235-0269-4181-83E8-90C0449547E9}.Debug|Any CPU.ActiveCfg = Debug|Any CPU
		{286B5235-0269-4181-83E8-90C0449547E9}.Debug|Any CPU.Build.0 = Debug|Any CPU
		{286B5235-0269-4181-83E8-90C0449547E9}.Debug|x64.ActiveCfg = Debug|x64
		{286B5235-0269-4181-83E8-90C0449547E9}.Debug|x64.Build.0 = Debug|x64
		{286B5235-0269-4181-83E8-90C0449547E9}.Debug|x86.ActiveCfg = Debug|x86
		{286B5235-0269-4181-83E8-90C0449547E9}.Debug|x86.Build.0 = Debug|x86
		{286B5235-0269-4181-83E8-90C0449547E9}.Release|Any CPU.ActiveCfg = Release|Any CPU
		{286B5235-0269-4181-83E8-90C0449547E9}.Release|Any CPU.Build.0 = Release|Any CPU
		{286B5235-0269-4181-83E8-90C0449547E9}.Release|x64.ActiveCfg = Release|x64
		{286B5235-0269-4181-83E8-90C0449547E9}.Release|x64.Build.0 = Release|x64
		{286B5235-0269-4181-83E8-90C0449547E9}.Release|x86.ActiveCfg = Release|x86
		{286B5235-0269-4181-83E8-90C0449547E9}.Release|x86.Build.0 = Release|x86
	EndGlobalSection
	GlobalSection(SolutionProperties) = preSolution
		HideSolutionNode = FALSE
	EndGlobalSection
	GlobalSection(NestedProjects) = preSolution
		{63EC6997-5B85-4503-9678-8ECE52B65973} = {ACFF16D9-C460-4DAF-8806-E9FD58069B7B}
		{FFB8537F-C019-4A5E-9981-C8EC82224737} = {ACFF16D9-C460-4DAF-8806-E9FD58069B7B}
		{4062533C-8E08-459E-B11E-CA0AD5EA367E} = {ACFF16D9-C460-4DAF-8806-E9FD58069B7B}
		{66EAF0AA-B2F5-4E16-900A-4D7DF1C463A2} = {75E852DF-4CB3-4318-9A92-82F84CD3DFA7}
		{88EAF0AA-B2F5-4E16-900A-4D7DF1C463A3} = {75E852DF-4CB3-4318-9A92-82F84CD3DFA7}
		{58C353BC-BA03-4118-8297-3253F90D9E32} = {ACFF16D9-C460-4DAF-8806-E9FD58069B7B}
		{67FD7829-3D64-4564-B9CB-B095651DC564} = {75E852DF-4CB3-4318-9A92-82F84CD3DFA7}
		{60AA339A-D3F8-4793-8948-697927B89A5E} = {ACFF16D9-C460-4DAF-8806-E9FD58069B7B}
		{805BB475-5521-4336-9F45-9A68B10E12F2} = {ACFF16D9-C460-4DAF-8806-E9FD58069B7B}
		{39096B30-5E3A-48B9-9320-9C1176AA54D1} = {75E852DF-4CB3-4318-9A92-82F84CD3DFA7}
		{926AFEC8-99BB-4C0B-85C9-2B4457F7A78B} = {ACFF16D9-C460-4DAF-8806-E9FD58069B7B}
		{6A93784C-FD69-4E00-8059-7A67C15F8024} = {75E852DF-4CB3-4318-9A92-82F84CD3DFA7}
		{3440E91F-278D-4963-8992-C844AC9ADEE1} = {ACFF16D9-C460-4DAF-8806-E9FD58069B7B}
		{EEC626B7-1F0E-405B-96B9-BE27447F4D9E} = {ACFF16D9-C460-4DAF-8806-E9FD58069B7B}
		{08BD5C78-2E4B-4726-925D-165BB93F021A} = {ACFF16D9-C460-4DAF-8806-E9FD58069B7B}
		{D67363A2-E44B-4343-981C-A7F1BD91C637} = {75E852DF-4CB3-4318-9A92-82F84CD3DFA7}
		{F1C78B67-98F1-4900-93BA-515A90608141} = {75E852DF-4CB3-4318-9A92-82F84CD3DFA7}
		{9F34A302-076D-4058-A2AD-558EECEB2BC9} = {75E852DF-4CB3-4318-9A92-82F84CD3DFA7}
		{9041EFE3-E35F-45CD-8B26-BD05D187BA66} = {75E852DF-4CB3-4318-9A92-82F84CD3DFA7}
		{47A07688-1499-4823-902A-98BC07077B05} = {75E852DF-4CB3-4318-9A92-82F84CD3DFA7}
		{0D95192B-7884-4762-9777-0B7C030A02CE} = {75E852DF-4CB3-4318-9A92-82F84CD3DFA7}
		{1255D16B-B9CC-4647-A567-C6ABCA1E166E} = {75E852DF-4CB3-4318-9A92-82F84CD3DFA7}
		{16649839-FA22-438C-B554-5AC585BE749E} = {ACFF16D9-C460-4DAF-8806-E9FD58069B7B}
		{2280A17E-2C01-407F-87FC-2AC59C760CC4} = {ACFF16D9-C460-4DAF-8806-E9FD58069B7B}
		{74ED711C-8F0A-4C78-9B96-FC8EAAA1E2BD} = {75E852DF-4CB3-4318-9A92-82F84CD3DFA7}
		{2A41F4AE-40D5-4EA9-BAE6-C1903D704480} = {ACFF16D9-C460-4DAF-8806-E9FD58069B7B}
		{10F44B14-51DD-47C3-B07B-7853192780D6} = {ACFF16D9-C460-4DAF-8806-E9FD58069B7B}
		{873168C9-66FA-421F-9449-38DD8BC4A5A1} = {ACFF16D9-C460-4DAF-8806-E9FD58069B7B}
		{26A13359-C7EE-4453-BA6A-8880784B7180} = {ACFF16D9-C460-4DAF-8806-E9FD58069B7B}
		{90C222DC-D8DA-4714-8654-7AF09838748D} = {ACFF16D9-C460-4DAF-8806-E9FD58069B7B}
		{D6DC946D-2E8A-4537-970E-F7065416F6B4} = {ACFF16D9-C460-4DAF-8806-E9FD58069B7B}
		{3894BD83-CF9C-4FD3-8DFB-EEB545188C19} = {ACFF16D9-C460-4DAF-8806-E9FD58069B7B}
		{718B42DA-F5B8-4C3C-96A8-3D5216FBE3E2} = {DEE5DD87-39C1-BF34-B639-A387DCCF972B}
		{D6271A8D-E8DD-4026-BC6F-C9AE6D1BCE1C} = {75E852DF-4CB3-4318-9A92-82F84CD3DFA7}
		{B9749F1B-2CED-4332-817D-4E9FC5494ADC} = {75E852DF-4CB3-4318-9A92-82F84CD3DFA7}
		{B54FDFC9-1995-4E90-83A5-33F1411B775A} = {ACFF16D9-C460-4DAF-8806-E9FD58069B7B}
		{E19E229B-F10D-471F-9D88-A7C905DEAE5D} = {ACFF16D9-C460-4DAF-8806-E9FD58069B7B}
		{00A8B4A2-E43A-46FA-A204-D26B56D36E9A} = {ACFF16D9-C460-4DAF-8806-E9FD58069B7B}
		{DA92BFA6-105C-41A8-A8DD-4D2FE8E97636} = {75E852DF-4CB3-4318-9A92-82F84CD3DFA7}
		{F8D2490B-BA3E-41E5-A644-6767D7545E16} = {75E852DF-4CB3-4318-9A92-82F84CD3DFA7}
		{CB804390-1CC7-4926-9644-7B21D21BB006} = {ACFF16D9-C460-4DAF-8806-E9FD58069B7B}
		{286B5235-0269-4181-83E8-90C0449547E9} = {75E852DF-4CB3-4318-9A92-82F84CD3DFA7}
	EndGlobalSection
EndGlobal
